PODS:
  - Crashlytics (3.7.2):
    - Fabric (~> 1.6.3)
  - Fabric (1.6.7)
  - Mapbox-iOS-SDK (3.3.0)
  - MapboxGeocoder.swift (0.5.0)
  - pop (1.0.9)
  - Realm (1.0.2):
    - Realm/Headers (= 1.0.2)
  - Realm/Headers (1.0.2)
  - RealmSwift (1.0.2):
    - Realm (= 1.0.2)

DEPENDENCIES:
  - Crashlytics
  - Fabric
  - Mapbox-iOS-SDK (~> 3.3.0)
  - MapboxGeocoder.swift (from `https://github.com/mapbox/MapboxGeocoder.swift.git`,
    tag `v0.5.0`)
  - pop (~> 1.0)
  - RealmSwift

EXTERNAL SOURCES:
  MapboxGeocoder.swift:
    :git: https://github.com/mapbox/MapboxGeocoder.swift.git
    :tag: v0.5.0

CHECKOUT OPTIONS:
  MapboxGeocoder.swift:
    :git: https://github.com/mapbox/MapboxGeocoder.swift.git
    :tag: v0.5.0

SPEC CHECKSUMS:
  Crashlytics: 130ab943f8c78cda7a814b434f270b2e2c8a3cba
  Fabric: caf7580c725e64db144f610ac65cd60956911dc7
  Mapbox-iOS-SDK: 88171e67d043af5ba80f52bcbf5dd31478652c18
  MapboxGeocoder.swift: 4fbe12e42458db895ff73739c69743c943d0824e
  pop: f667631a5108a2e60d9e8797c9b32ddaf2080bce
  Realm: 9d5c46a4d7d27958530a8dfc58f63a99e5c2cba3
  RealmSwift: 82f3ac5e24530143dddfde2033acc0d308f27d96

COCOAPODS: 0.39.0
