// !$*UTF8*$!
{
	archiveVersion = 1;
	classes = {
	};
	objectVersion = 46;
	objects = {

/* Begin PBXBuildFile section */
		5506E0D91C650A230091364B /* colorUtils.swift in Sources */ = {isa = PBXBuildFile; fileRef = 5506E0D81C650A230091364B /* colorUtils.swift */; };
		551EFF941CC11F640065204D /* imageUtils.swift in Sources */ = {isa = PBXBuildFile; fileRef = 551EFF931CC11F640065204D /* imageUtils.swift */; };
		5522D1C71C512FFC005339BD /* addRouteController.swift in Sources */ = {isa = PBXBuildFile; fileRef = 5522D1C61C512FFC005339BD /* addRouteController.swift */; };
		5522D1C91C5132B1005339BD /* motoRouteController.swift in Sources */ = {isa = PBXBuildFile; fileRef = 5522D1C81C5132B1005339BD /* motoRouteController.swift */; };
		553565551C5A83A2002628AD /* RouteModels.swift in Sources */ = {isa = PBXBuildFile; fileRef = 553565541C5A83A2002628AD /* RouteModels.swift */; };
		553AB5021C50056400AC12A5 /* AppDelegate.swift in Sources */ = {isa = PBXBuildFile; fileRef = 553AB5011C50056400AC12A5 /* AppDelegate.swift */; };
		553AB5071C50056400AC12A5 /* Main.storyboard in Resources */ = {isa = PBXBuildFile; fileRef = 553AB5051C50056400AC12A5 /* Main.storyboard */; };
		553AB50C1C50056400AC12A5 /* Assets.xcassets in Resources */ = {isa = PBXBuildFile; fileRef = 553AB50B1C50056400AC12A5 /* Assets.xcassets */; };
		553AB50F1C50056400AC12A5 /* LaunchScreen.storyboard in Resources */ = {isa = PBXBuildFile; fileRef = 553AB50D1C50056400AC12A5 /* LaunchScreen.storyboard */; };
		553D05E51CE4AB7400D8555D /* Roboto-Bold.ttf in Resources */ = {isa = PBXBuildFile; fileRef = 553D05E21CE4AB7400D8555D /* Roboto-Bold.ttf */; };
		553D05E61CE4AB7400D8555D /* Roboto-Regular.ttf in Resources */ = {isa = PBXBuildFile; fileRef = 553D05E31CE4AB7400D8555D /* Roboto-Regular.ttf */; };
		553D05E71CE4AB7400D8555D /* Roboto-Thin.ttf in Resources */ = {isa = PBXBuildFile; fileRef = 553D05E41CE4AB7400D8555D /* Roboto-Thin.ttf */; };
		5562BA551C73663900EF340D /* utils.swift in Sources */ = {isa = PBXBuildFile; fileRef = 5562BA541C73663900EF340D /* utils.swift */; };
		556368AA1CEF4681004BBB6F /* Speedometer.swift in Sources */ = {isa = PBXBuildFile; fileRef = 556368A91CEF4681004BBB6F /* Speedometer.swift */; };
		556B8A681CE4B9A4000EE047 /* CameraSlider.swift in Sources */ = {isa = PBXBuildFile; fileRef = 556B8A671CE4B9A4000EE047 /* CameraSlider.swift */; };
		559A5C4F1C57E0F500B5261F /* motoRouteCellView.swift in Sources */ = {isa = PBXBuildFile; fileRef = 559A5C4E1C57E0F500B5261F /* motoRouteCellView.swift */; };
		55C567C31C6284E2008E045B /* Settings.bundle in Resources */ = {isa = PBXBuildFile; fileRef = 55C567C21C6284E2008E045B /* Settings.bundle */; };
		55DA4FF61CF5DABB007C0151 /* CameraSliderCustom.swift in Sources */ = {isa = PBXBuildFile; fileRef = 55DA4FF51CF5DABA007C0151 /* CameraSliderCustom.swift */; };
		55DEC6261C99C20B000BA85F /* motoRouteCamera.swift in Sources */ = {isa = PBXBuildFile; fileRef = 55DEC6251C99C20B000BA85F /* motoRouteCamera.swift */; };
		55E1496E1CE1CD7B00B576BB /* motoRouteOptions.swift in Sources */ = {isa = PBXBuildFile; fileRef = 55E1496D1CE1CD7B00B576BB /* motoRouteOptions.swift */; };
		55E149711CE22DE000B576BB /* RouteSlider.swift in Sources */ = {isa = PBXBuildFile; fileRef = 55E149701CE22DE000B576BB /* RouteSlider.swift */; };
		55EF09EA1C5FD89000F2857E /* showRouteController.swift in Sources */ = {isa = PBXBuildFile; fileRef = 55EF09E91C5FD89000F2857E /* showRouteController.swift */; };
		A512A7A6A482604DDCA615B2 /* Pods.framework in Frameworks */ = {isa = PBXBuildFile; fileRef = 3BC3E6448D743A03D95FFC8D /* Pods.framework */; };
		A90D6F991C947101002E7980 /* mapUtils.swift in Sources */ = {isa = PBXBuildFile; fileRef = A90D6F981C947101002E7980 /* mapUtils.swift */; };
		A90D6F9B1C9471E2002E7980 /* globals.swift in Sources */ = {isa = PBXBuildFile; fileRef = A90D6F9A1C9471E2002E7980 /* globals.swift */; };
		A983FD721C53C81100C99F83 /* buttonSytles.swift in Sources */ = {isa = PBXBuildFile; fileRef = A983FD711C53C81100C99F83 /* buttonSytles.swift */; };
/* End PBXBuildFile section */

/* Begin PBXFileReference section */
		3BC3E6448D743A03D95FFC8D /* Pods.framework */ = {isa = PBXFileReference; explicitFileType = wrapper.framework; includeInIndex = 0; path = Pods.framework; sourceTree = BUILT_PRODUCTS_DIR; };
		5506E0D81C650A230091364B /* colorUtils.swift */ = {isa = PBXFileReference; fileEncoding = 4; lastKnownFileType = sourcecode.swift; path = colorUtils.swift; sourceTree = "<group>"; };
		551EFF931CC11F640065204D /* imageUtils.swift */ = {isa = PBXFileReference; fileEncoding = 4; lastKnownFileType = sourcecode.swift; path = imageUtils.swift; sourceTree = "<group>"; };
		5522D1C61C512FFC005339BD /* addRouteController.swift */ = {isa = PBXFileReference; fileEncoding = 4; lastKnownFileType = sourcecode.swift; path = addRouteController.swift; sourceTree = "<group>"; };
		5522D1C81C5132B1005339BD /* motoRouteController.swift */ = {isa = PBXFileReference; fileEncoding = 4; lastKnownFileType = sourcecode.swift; path = motoRouteController.swift; sourceTree = "<group>"; };
		553565541C5A83A2002628AD /* RouteModels.swift */ = {isa = PBXFileReference; fileEncoding = 4; lastKnownFileType = sourcecode.swift; path = RouteModels.swift; sourceTree = "<group>"; };
		553AB4FE1C50056400AC12A5 /* motoRoutes.app */ = {isa = PBXFileReference; explicitFileType = wrapper.application; includeInIndex = 0; path = motoRoutes.app; sourceTree = BUILT_PRODUCTS_DIR; };
		553AB5011C50056400AC12A5 /* AppDelegate.swift */ = {isa = PBXFileReference; lastKnownFileType = sourcecode.swift; path = AppDelegate.swift; sourceTree = "<group>"; };
		553AB5061C50056400AC12A5 /* Base */ = {isa = PBXFileReference; lastKnownFileType = file.storyboard; name = Base; path = Base.lproj/Main.storyboard; sourceTree = "<group>"; };
		553AB50B1C50056400AC12A5 /* Assets.xcassets */ = {isa = PBXFileReference; lastKnownFileType = folder.assetcatalog; path = Assets.xcassets; sourceTree = "<group>"; };
		553AB50E1C50056400AC12A5 /* Base */ = {isa = PBXFileReference; lastKnownFileType = file.storyboard; name = Base; path = Base.lproj/LaunchScreen.storyboard; sourceTree = "<group>"; };
		553AB5101C50056400AC12A5 /* Info.plist */ = {isa = PBXFileReference; lastKnownFileType = text.plist.xml; path = Info.plist; sourceTree = "<group>"; };
		553D05E21CE4AB7400D8555D /* Roboto-Bold.ttf */ = {isa = PBXFileReference; lastKnownFileType = file; path = "Roboto-Bold.ttf"; sourceTree = "<group>"; };
		553D05E31CE4AB7400D8555D /* Roboto-Regular.ttf */ = {isa = PBXFileReference; lastKnownFileType = file; path = "Roboto-Regular.ttf"; sourceTree = "<group>"; };
		553D05E41CE4AB7400D8555D /* Roboto-Thin.ttf */ = {isa = PBXFileReference; lastKnownFileType = file; path = "Roboto-Thin.ttf"; sourceTree = "<group>"; };
		5562BA541C73663900EF340D /* utils.swift */ = {isa = PBXFileReference; fileEncoding = 4; lastKnownFileType = sourcecode.swift; path = utils.swift; sourceTree = "<group>"; };
		556368A91CEF4681004BBB6F /* Speedometer.swift */ = {isa = PBXFileReference; fileEncoding = 4; lastKnownFileType = sourcecode.swift; path = Speedometer.swift; sourceTree = "<group>"; };
		556B8A671CE4B9A4000EE047 /* CameraSlider.swift */ = {isa = PBXFileReference; fileEncoding = 4; lastKnownFileType = sourcecode.swift; path = CameraSlider.swift; sourceTree = "<group>"; };
		559A5C4E1C57E0F500B5261F /* motoRouteCellView.swift */ = {isa = PBXFileReference; fileEncoding = 4; lastKnownFileType = sourcecode.swift; path = motoRouteCellView.swift; sourceTree = "<group>"; };
		55C567C21C6284E2008E045B /* Settings.bundle */ = {isa = PBXFileReference; lastKnownFileType = "wrapper.plug-in"; path = Settings.bundle; sourceTree = "<group>"; };
		55DA4FF51CF5DABA007C0151 /* CameraSliderCustom.swift */ = {isa = PBXFileReference; fileEncoding = 4; lastKnownFileType = sourcecode.swift; path = CameraSliderCustom.swift; sourceTree = "<group>"; };
		55DEC6251C99C20B000BA85F /* motoRouteCamera.swift */ = {isa = PBXFileReference; fileEncoding = 4; lastKnownFileType = sourcecode.swift; path = motoRouteCamera.swift; sourceTree = "<group>"; };
		55E1496D1CE1CD7B00B576BB /* motoRouteOptions.swift */ = {isa = PBXFileReference; fileEncoding = 4; lastKnownFileType = sourcecode.swift; path = motoRouteOptions.swift; sourceTree = "<group>"; };
		55E149701CE22DE000B576BB /* RouteSlider.swift */ = {isa = PBXFileReference; fileEncoding = 4; lastKnownFileType = sourcecode.swift; path = RouteSlider.swift; sourceTree = "<group>"; };
		55EF09E91C5FD89000F2857E /* showRouteController.swift */ = {isa = PBXFileReference; fileEncoding = 4; lastKnownFileType = sourcecode.swift; path = showRouteController.swift; sourceTree = "<group>"; };
		6BEB2CFD7B238BEFD717855D /* Pods.release.xcconfig */ = {isa = PBXFileReference; includeInIndex = 1; lastKnownFileType = text.xcconfig; name = Pods.release.xcconfig; path = "Pods/Target Support Files/Pods/Pods.release.xcconfig"; sourceTree = "<group>"; };
		A90D6F981C947101002E7980 /* mapUtils.swift */ = {isa = PBXFileReference; fileEncoding = 4; lastKnownFileType = sourcecode.swift; path = mapUtils.swift; sourceTree = "<group>"; };
		A90D6F9A1C9471E2002E7980 /* globals.swift */ = {isa = PBXFileReference; fileEncoding = 4; lastKnownFileType = sourcecode.swift; path = globals.swift; sourceTree = "<group>"; };
		A983FD711C53C81100C99F83 /* buttonSytles.swift */ = {isa = PBXFileReference; fileEncoding = 4; lastKnownFileType = sourcecode.swift; path = buttonSytles.swift; sourceTree = "<group>"; };
		D70B2B48F615AC33AA90DB15 /* Pods.debug.xcconfig */ = {isa = PBXFileReference; includeInIndex = 1; lastKnownFileType = text.xcconfig; name = Pods.debug.xcconfig; path = "Pods/Target Support Files/Pods/Pods.debug.xcconfig"; sourceTree = "<group>"; };
/* End PBXFileReference section */

/* Begin PBXFrameworksBuildPhase section */
		553AB4FB1C50056400AC12A5 /* Frameworks */ = {
			isa = PBXFrameworksBuildPhase;
			buildActionMask = 2147483647;
			files = (
				A512A7A6A482604DDCA615B2 /* Pods.framework in Frameworks */,
			);
			runOnlyForDeploymentPostprocessing = 0;
		};
/* End PBXFrameworksBuildPhase section */

/* Begin PBXGroup section */
		52ACE237A2458B42E81E2C00 /* Frameworks */ = {
			isa = PBXGroup;
			children = (
				3BC3E6448D743A03D95FFC8D /* Pods.framework */,
			);
			name = Frameworks;
			sourceTree = "<group>";
		};
		553AB4F51C50056400AC12A5 = {
			isa = PBXGroup;
			children = (
				553AB5001C50056400AC12A5 /* motoRoutes */,
				553AB4FF1C50056400AC12A5 /* Products */,
				56CF6A6D24A59E9F2DFCF658 /* Pods */,
				52ACE237A2458B42E81E2C00 /* Frameworks */,
			);
			sourceTree = "<group>";
		};
		553AB4FF1C50056400AC12A5 /* Products */ = {
			isa = PBXGroup;
			children = (
				553AB4FE1C50056400AC12A5 /* motoRoutes.app */,
			);
			name = Products;
			sourceTree = "<group>";
		};
		553AB5001C50056400AC12A5 /* motoRoutes */ = {
			isa = PBXGroup;
			children = (
				555C0D7F1CE47EF100DABBD4 /* Recources */,
				55E1496F1CE22D7E00B576BB /* customUI */,
				55E1496C1CE1C87A00B576BB /* motoRouteOptions */,
				55C567C21C6284E2008E045B /* Settings.bundle */,
				55EF09E81C5FD6A200F2857E /* showRouteController */,
				559A5C511C57E54800B5261F /* addRouteController */,
				559A5C501C57E51600B5261F /* motoRouteController */,
				55DEC6241C99C18A000BA85F /* motoRouteCamera */,
				A983FD731C5525F600C99F83 /* Models */,
				553AB5011C50056400AC12A5 /* AppDelegate.swift */,
				553AB5051C50056400AC12A5 /* Main.storyboard */,
				553AB50B1C50056400AC12A5 /* Assets.xcassets */,
				553AB50D1C50056400AC12A5 /* LaunchScreen.storyboard */,
				553AB5101C50056400AC12A5 /* Info.plist */,
				55AB5D4B1C5694FE005E8A26 /* Utils */,
			);
			path = motoRoutes;
			sourceTree = "<group>";
		};
		555C0D7F1CE47EF100DABBD4 /* Recources */ = {
			isa = PBXGroup;
			children = (
				553D05E21CE4AB7400D8555D /* Roboto-Bold.ttf */,
				553D05E31CE4AB7400D8555D /* Roboto-Regular.ttf */,
				553D05E41CE4AB7400D8555D /* Roboto-Thin.ttf */,
			);
			name = Recources;
			sourceTree = "<group>";
		};
		559A5C501C57E51600B5261F /* motoRouteController */ = {
			isa = PBXGroup;
			children = (
				5522D1C81C5132B1005339BD /* motoRouteController.swift */,
			);
			name = motoRouteController;
			sourceTree = "<group>";
		};
		559A5C511C57E54800B5261F /* addRouteController */ = {
			isa = PBXGroup;
			children = (
				5522D1C61C512FFC005339BD /* addRouteController.swift */,
			);
			name = addRouteController;
			sourceTree = "<group>";
		};
		55AB5D4B1C5694FE005E8A26 /* Utils */ = {
			isa = PBXGroup;
			children = (
				A90D6F9A1C9471E2002E7980 /* globals.swift */,
				A90D6F981C947101002E7980 /* mapUtils.swift */,
				5506E0D81C650A230091364B /* colorUtils.swift */,
				5562BA541C73663900EF340D /* utils.swift */,
				551EFF931CC11F640065204D /* imageUtils.swift */,
			);
			name = Utils;
			sourceTree = "<group>";
		};
		55DEC6241C99C18A000BA85F /* motoRouteCamera */ = {
			isa = PBXGroup;
			children = (
				55DEC6251C99C20B000BA85F /* motoRouteCamera.swift */,
			);
			name = motoRouteCamera;
			sourceTree = "<group>";
		};
		55E1496C1CE1C87A00B576BB /* motoRouteOptions */ = {
			isa = PBXGroup;
			children = (
				55E1496D1CE1CD7B00B576BB /* motoRouteOptions.swift */,
			);
			name = motoRouteOptions;
			sourceTree = "<group>";
		};
		55E1496F1CE22D7E00B576BB /* customUI */ = {
			isa = PBXGroup;
			children = (
				55E149701CE22DE000B576BB /* RouteSlider.swift */,
				556B8A671CE4B9A4000EE047 /* CameraSlider.swift */,
				A983FD711C53C81100C99F83 /* buttonSytles.swift */,
				556368A91CEF4681004BBB6F /* Speedometer.swift */,
				55DA4FF51CF5DABA007C0151 /* CameraSliderCustom.swift */,
				559A5C4E1C57E0F500B5261F /* motoRouteCellView.swift */,
			);
			name = customUI;
			sourceTree = "<group>";
		};
		55EF09E81C5FD6A200F2857E /* showRouteController */ = {
			isa = PBXGroup;
			children = (
				55EF09E91C5FD89000F2857E /* showRouteController.swift */,
			);
			name = showRouteController;
			sourceTree = "<group>";
		};
		56CF6A6D24A59E9F2DFCF658 /* Pods */ = {
			isa = PBXGroup;
			children = (
				D70B2B48F615AC33AA90DB15 /* Pods.debug.xcconfig */,
				6BEB2CFD7B238BEFD717855D /* Pods.release.xcconfig */,
			);
			name = Pods;
			sourceTree = "<group>";
		};
		A983FD731C5525F600C99F83 /* Models */ = {
			isa = PBXGroup;
			children = (
				553565541C5A83A2002628AD /* RouteModels.swift */,
			);
			name = Models;
			sourceTree = "<group>";
		};
/* End PBXGroup section */

/* Begin PBXNativeTarget section */
		553AB4FD1C50056400AC12A5 /* motoRoutes */ = {
			isa = PBXNativeTarget;
			buildConfigurationList = 553AB5131C50056400AC12A5 /* Build configuration list for PBXNativeTarget "motoRoutes" */;
			buildPhases = (
				AAD8B38E78448B88C02739E5 /* Check Pods Manifest.lock */,
				553AB4FA1C50056400AC12A5 /* Sources */,
				553AB4FB1C50056400AC12A5 /* Frameworks */,
				553AB4FC1C50056400AC12A5 /* Resources */,
				553565531C5A8297002628AD /* ShellScript */,
				730785E7596523B86C39B655 /* Embed Pods Frameworks */,
				B89D7E4E1FCF75D199D2A36E /* Copy Pods Resources */,
				557605FD1C6B316400EBDAE3 /* ShellScript */,
			);
			buildRules = (
			);
			dependencies = (
			);
			name = motoRoutes;
			productName = motoRoutes;
			productReference = 553AB4FE1C50056400AC12A5 /* motoRoutes.app */;
			productType = "com.apple.product-type.application";
		};
/* End PBXNativeTarget section */

/* Begin PBXProject section */
		553AB4F61C50056400AC12A5 /* Project object */ = {
			isa = PBXProject;
			attributes = {
				LastSwiftUpdateCheck = 0720;
				LastUpgradeCheck = 0720;
				ORGANIZATIONNAME = "Peter Pohlmann";
				TargetAttributes = {
					553AB4FD1C50056400AC12A5 = {
						CreatedOnToolsVersion = 7.2;
						DevelopmentTeam = 4RGRETYKQ9;
						SystemCapabilities = {
							com.apple.BackgroundModes = {
								enabled = 1;
							};
							com.apple.Maps.iOS = {
								enabled = 1;
							};
						};
					};
				};
			};
			buildConfigurationList = 553AB4F91C50056400AC12A5 /* Build configuration list for PBXProject "motoRoutes" */;
			compatibilityVersion = "Xcode 3.2";
			developmentRegion = English;
			hasScannedForEncodings = 0;
			knownRegions = (
				en,
				Base,
			);
			mainGroup = 553AB4F51C50056400AC12A5;
			productRefGroup = 553AB4FF1C50056400AC12A5 /* Products */;
			projectDirPath = "";
			projectRoot = "";
			targets = (
				553AB4FD1C50056400AC12A5 /* motoRoutes */,
			);
		};
/* End PBXProject section */

/* Begin PBXResourcesBuildPhase section */
		553AB4FC1C50056400AC12A5 /* Resources */ = {
			isa = PBXResourcesBuildPhase;
			buildActionMask = 2147483647;
			files = (
				553D05E71CE4AB7400D8555D /* Roboto-Thin.ttf in Resources */,
				553D05E61CE4AB7400D8555D /* Roboto-Regular.ttf in Resources */,
				55C567C31C6284E2008E045B /* Settings.bundle in Resources */,
				553AB50F1C50056400AC12A5 /* LaunchScreen.storyboard in Resources */,
				553D05E51CE4AB7400D8555D /* Roboto-Bold.ttf in Resources */,
				553AB50C1C50056400AC12A5 /* Assets.xcassets in Resources */,
				553AB5071C50056400AC12A5 /* Main.storyboard in Resources */,
			);
			runOnlyForDeploymentPostprocessing = 0;
		};
/* End PBXResourcesBuildPhase section */

/* Begin PBXShellScriptBuildPhase section */
		553565531C5A8297002628AD /* ShellScript */ = {
			isa = PBXShellScriptBuildPhase;
			buildActionMask = 2147483647;
			files = (
			);
			inputPaths = (
			);
			outputPaths = (
			);
			runOnlyForDeploymentPostprocessing = 0;
			shellPath = /bin/sh;
			shellScript = "
";
		};
		557605FD1C6B316400EBDAE3 /* ShellScript */ = {
			isa = PBXShellScriptBuildPhase;
			buildActionMask = 2147483647;
			files = (
			);
			inputPaths = (
			);
			outputPaths = (
			);
			runOnlyForDeploymentPostprocessing = 0;
			shellPath = /bin/sh;
			shellScript = "\"${PODS_ROOT}/Fabric/run\" 17ab2ed7217680b1e3edfec4c25ecb5145bba120 70f70745ec3380e81c1ef48f8d528559b6fcd8dd659cc4909db32f1bde8fa923";
		};
		730785E7596523B86C39B655 /* Embed Pods Frameworks */ = {
			isa = PBXShellScriptBuildPhase;
			buildActionMask = 2147483647;
			files = (
			);
			inputPaths = (
			);
			name = "Embed Pods Frameworks";
			outputPaths = (
			);
			runOnlyForDeploymentPostprocessing = 0;
			shellPath = /bin/sh;
			shellScript = "\"${SRCROOT}/Pods/Target Support Files/Pods/Pods-frameworks.sh\"\n";
			showEnvVarsInLog = 0;
		};
		AAD8B38E78448B88C02739E5 /* Check Pods Manifest.lock */ = {
			isa = PBXShellScriptBuildPhase;
			buildActionMask = 2147483647;
			files = (
			);
			inputPaths = (
			);
			name = "Check Pods Manifest.lock";
			outputPaths = (
			);
			runOnlyForDeploymentPostprocessing = 0;
			shellPath = /bin/sh;
			shellScript = "diff \"${PODS_ROOT}/../Podfile.lock\" \"${PODS_ROOT}/Manifest.lock\" > /dev/null\nif [[ $? != 0 ]] ; then\n    cat << EOM\nerror: The sandbox is not in sync with the Podfile.lock. Run 'pod install' or update your CocoaPods installation.\nEOM\n    exit 1\nfi\n";
			showEnvVarsInLog = 0;
		};
		B89D7E4E1FCF75D199D2A36E /* Copy Pods Resources */ = {
			isa = PBXShellScriptBuildPhase;
			buildActionMask = 2147483647;
			files = (
			);
			inputPaths = (
			);
			name = "Copy Pods Resources";
			outputPaths = (
			);
			runOnlyForDeploymentPostprocessing = 0;
			shellPath = /bin/sh;
			shellScript = "\"${SRCROOT}/Pods/Target Support Files/Pods/Pods-resources.sh\"\n";
			showEnvVarsInLog = 0;
		};
/* End PBXShellScriptBuildPhase section */

/* Begin PBXSourcesBuildPhase section */
		553AB4FA1C50056400AC12A5 /* Sources */ = {
			isa = PBXSourcesBuildPhase;
			buildActionMask = 2147483647;
			files = (
				55EF09EA1C5FD89000F2857E /* showRouteController.swift in Sources */,
				556368AA1CEF4681004BBB6F /* Speedometer.swift in Sources */,
				553565551C5A83A2002628AD /* RouteModels.swift in Sources */,
				A90D6F991C947101002E7980 /* mapUtils.swift in Sources */,
				551EFF941CC11F640065204D /* imageUtils.swift in Sources */,
				55E1496E1CE1CD7B00B576BB /* motoRouteOptions.swift in Sources */,
				55DA4FF61CF5DABB007C0151 /* CameraSliderCustom.swift in Sources */,
				559A5C4F1C57E0F500B5261F /* motoRouteCellView.swift in Sources */,
				5522D1C91C5132B1005339BD /* motoRouteController.swift in Sources */,
				5562BA551C73663900EF340D /* utils.swift in Sources */,
				A983FD721C53C81100C99F83 /* buttonSytles.swift in Sources */,
				556B8A681CE4B9A4000EE047 /* CameraSlider.swift in Sources */,
				A90D6F9B1C9471E2002E7980 /* globals.swift in Sources */,
				55E149711CE22DE000B576BB /* RouteSlider.swift in Sources */,
				553AB5021C50056400AC12A5 /* AppDelegate.swift in Sources */,
				5522D1C71C512FFC005339BD /* addRouteController.swift in Sources */,
				5506E0D91C650A230091364B /* colorUtils.swift in Sources */,
				55DEC6261C99C20B000BA85F /* motoRouteCamera.swift in Sources */,
			);
			runOnlyForDeploymentPostprocessing = 0;
		};
/* End PBXSourcesBuildPhase section */

/* Begin PBXVariantGroup section */
		553AB5051C50056400AC12A5 /* Main.storyboard */ = {
			isa = PBXVariantGroup;
			children = (
				553AB5061C50056400AC12A5 /* Base */,
			);
			name = Main.storyboard;
			sourceTree = "<group>";
		};
		553AB50D1C50056400AC12A5 /* LaunchScreen.storyboard */ = {
			isa = PBXVariantGroup;
			children = (
				553AB50E1C50056400AC12A5 /* Base */,
			);
			name = LaunchScreen.storyboard;
			sourceTree = "<group>";
		};
/* End PBXVariantGroup section */

/* Begin XCBuildConfiguration section */
		553AB5111C50056400AC12A5 /* Debug */ = {
			isa = XCBuildConfiguration;
			buildSettings = {
				ALWAYS_SEARCH_USER_PATHS = NO;
				CLANG_CXX_LANGUAGE_STANDARD = "gnu++0x";
				CLANG_CXX_LIBRARY = "libc++";
				CLANG_ENABLE_MODULES = YES;
				CLANG_ENABLE_OBJC_ARC = YES;
				CLANG_WARN_BOOL_CONVERSION = YES;
				CLANG_WARN_CONSTANT_CONVERSION = YES;
				CLANG_WARN_DIRECT_OBJC_ISA_USAGE = YES_ERROR;
				CLANG_WARN_EMPTY_BODY = YES;
				CLANG_WARN_ENUM_CONVERSION = YES;
				CLANG_WARN_INT_CONVERSION = YES;
				CLANG_WARN_OBJC_ROOT_CLASS = YES_ERROR;
				CLANG_WARN_UNREACHABLE_CODE = YES;
				CLANG_WARN__DUPLICATE_METHOD_MATCH = YES;
				"CODE_SIGN_IDENTITY[sdk=iphoneos*]" = "iPhone Developer";
				COPY_PHASE_STRIP = NO;
				DEBUG_INFORMATION_FORMAT = dwarf;
				ENABLE_STRICT_OBJC_MSGSEND = YES;
				ENABLE_TESTABILITY = YES;
				GCC_C_LANGUAGE_STANDARD = gnu99;
				GCC_DYNAMIC_NO_PIC = NO;
				GCC_NO_COMMON_BLOCKS = YES;
				GCC_OPTIMIZATION_LEVEL = 0;
				GCC_PREPROCESSOR_DEFINITIONS = (
					"DEBUG=1",
					"$(inherited)",
				);
				GCC_WARN_64_TO_32_BIT_CONVERSION = YES;
				GCC_WARN_ABOUT_RETURN_TYPE = YES_ERROR;
				GCC_WARN_UNDECLARED_SELECTOR = YES;
				GCC_WARN_UNINITIALIZED_AUTOS = YES_AGGRESSIVE;
				GCC_WARN_UNUSED_FUNCTION = YES;
				GCC_WARN_UNUSED_VARIABLE = YES;
				IPHONEOS_DEPLOYMENT_TARGET = 9.2;
				MTL_ENABLE_DEBUG_INFO = YES;
				ONLY_ACTIVE_ARCH = YES;
				SDKROOT = iphoneos;
				SWIFT_OPTIMIZATION_LEVEL = "-Onone";
			};
			name = Debug;
		};
		553AB5121C50056400AC12A5 /* Release */ = {
			isa = XCBuildConfiguration;
			buildSettings = {
				ALWAYS_SEARCH_USER_PATHS = NO;
				CLANG_CXX_LANGUAGE_STANDARD = "gnu++0x";
				CLANG_CXX_LIBRARY = "libc++";
				CLANG_ENABLE_MODULES = YES;
				CLANG_ENABLE_OBJC_ARC = YES;
				CLANG_WARN_BOOL_CONVERSION = YES;
				CLANG_WARN_CONSTANT_CONVERSION = YES;
				CLANG_WARN_DIRECT_OBJC_ISA_USAGE = YES_ERROR;
				CLANG_WARN_EMPTY_BODY = YES;
				CLANG_WARN_ENUM_CONVERSION = YES;
				CLANG_WARN_INT_CONVERSION = YES;
				CLANG_WARN_OBJC_ROOT_CLASS = YES_ERROR;
				CLANG_WARN_UNREACHABLE_CODE = YES;
				CLANG_WARN__DUPLICATE_METHOD_MATCH = YES;
				"CODE_SIGN_IDENTITY[sdk=iphoneos*]" = "iPhone Developer";
				COPY_PHASE_STRIP = NO;
				DEBUG_INFORMATION_FORMAT = "dwarf-with-dsym";
				ENABLE_NS_ASSERTIONS = NO;
				ENABLE_STRICT_OBJC_MSGSEND = YES;
				GCC_C_LANGUAGE_STANDARD = gnu99;
				GCC_NO_COMMON_BLOCKS = YES;
				GCC_WARN_64_TO_32_BIT_CONVERSION = YES;
				GCC_WARN_ABOUT_RETURN_TYPE = YES_ERROR;
				GCC_WARN_UNDECLARED_SELECTOR = YES;
				GCC_WARN_UNINITIALIZED_AUTOS = YES_AGGRESSIVE;
				GCC_WARN_UNUSED_FUNCTION = YES;
				GCC_WARN_UNUSED_VARIABLE = YES;
				IPHONEOS_DEPLOYMENT_TARGET = 9.2;
				MTL_ENABLE_DEBUG_INFO = NO;
				SDKROOT = iphoneos;
				VALIDATE_PRODUCT = YES;
			};
			name = Release;
		};
		553AB5141C50056400AC12A5 /* Debug */ = {
			isa = XCBuildConfiguration;
			baseConfigurationReference = D70B2B48F615AC33AA90DB15 /* Pods.debug.xcconfig */;
			buildSettings = {
				ASSETCATALOG_COMPILER_APPICON_NAME = AppIcon;
				CODE_SIGN_IDENTITY = "iPhone Developer";
				DEBUG_INFORMATION_FORMAT = "dwarf-with-dsym";
				FRAMEWORK_SEARCH_PATHS = (
					"$(inherited)",
					"$(PROJECT_DIR)",
				);
				INFOPLIST_FILE = motoRoutes/Info.plist;
				LD_RUNPATH_SEARCH_PATHS = "$(inherited) @executable_path/Frameworks";
				OTHER_CFLAGS = (
					"$(inherited)",
					"-iquote",
					"\"${PODS_ROOT}/Realm.framework/Headers\"",
					"-iquote",
					"\"${PODS_ROOT}/RealmSwift.framework/Headers\"",
					"-isystem",
					"\"${PODS_ROOT}/Headers/Public\"",
					"-isystem",
					"\"${PODS_ROOT}/Headers/Public/Crashlytics\"",
					"-isystem",
					"\"${PODS_ROOT}/Headers/Public/Fabric\"",
					"-isystem",
					"\"${PODS_ROOT}/Headers/Public/Mapbox-iOS-SDK\"",
				);
				PRODUCT_BUNDLE_IDENTIFIER = com.ppoh71.ch.motoRoutes;
				PRODUCT_NAME = "$(TARGET_NAME)";
			};
			name = Debug;
		};
		553AB5151C50056400AC12A5 /* Release */ = {
			isa = XCBuildConfiguration;
			baseConfigurationReference = 6BEB2CFD7B238BEFD717855D /* Pods.release.xcconfig */;
			buildSettings = {
				ASSETCATALOG_COMPILER_APPICON_NAME = AppIcon;
				CODE_SIGN_IDENTITY = "iPhone Developer";
				FRAMEWORK_SEARCH_PATHS = (
					"$(inherited)",
					"$(PROJECT_DIR)",
				);
				INFOPLIST_FILE = motoRoutes/Info.plist;
				LD_RUNPATH_SEARCH_PATHS = "$(inherited) @executable_path/Frameworks";
				OTHER_CFLAGS = (
					"$(inherited)",
					"-iquote",
					"\"${PODS_ROOT}/Realm.framework/Headers\"",
					"-iquote",
					"\"${PODS_ROOT}/RealmSwift.framework/Headers\"",
					"-isystem",
					"\"${PODS_ROOT}/Headers/Public\"",
					"-isystem",
					"\"${PODS_ROOT}/Headers/Public/Crashlytics\"",
					"-isystem",
					"\"${PODS_ROOT}/Headers/Public/Fabric\"",
					"-isystem",
					"\"${PODS_ROOT}/Headers/Public/Mapbox-iOS-SDK\"",
				);
				PRODUCT_BUNDLE_IDENTIFIER = com.ppoh71.ch.motoRoutes;
				PRODUCT_NAME = "$(TARGET_NAME)";
			};
			name = Release;
		};
/* End XCBuildConfiguration section */

/* Begin XCConfigurationList section */
		553AB4F91C50056400AC12A5 /* Build configuration list for PBXProject "motoRoutes" */ = {
			isa = XCConfigurationList;
			buildConfigurations = (
				553AB5111C50056400AC12A5 /* Debug */,
				553AB5121C50056400AC12A5 /* Release */,
			);
			defaultConfigurationIsVisible = 0;
			defaultConfigurationName = Release;
		};
		553AB5131C50056400AC12A5 /* Build configuration list for PBXNativeTarget "motoRoutes" */ = {
			isa = XCConfigurationList;
			buildConfigurations = (
				553AB5141C50056400AC12A5 /* Debug */,
				553AB5151C50056400AC12A5 /* Release */,
			);
			defaultConfigurationIsVisible = 0;
			defaultConfigurationName = Release;
		};
/* End XCConfigurationList section */
	};
	rootObject = 553AB4F61C50056400AC12A5 /* Project object */;
}
