// !$*UTF8*$!
{
	archiveVersion = 1;
	classes = {
	};
	objectVersion = 46;
	objects = {

/* Begin PBXBuildFile section */
		5506E0D91C650A230091364B /* ColorUtils.swift in Sources */ = {isa = PBXBuildFile; fileRef = 5506E0D81C650A230091364B /* ColorUtils.swift */; };
		551EFF941CC11F640065204D /* ImageUtils.swift in Sources */ = {isa = PBXBuildFile; fileRef = 551EFF931CC11F640065204D /* ImageUtils.swift */; };
		552240F11D6DE7EA00694E60 /* MotoChart.swift in Sources */ = {isa = PBXBuildFile; fileRef = 552240F01D6DE7EA00694E60 /* MotoChart.swift */; };
		552240F31D6DEA7700694E60 /* MotoChart.xib in Resources */ = {isa = PBXBuildFile; fileRef = 552240F21D6DEA7700694E60 /* MotoChart.xib */; };
		5522D1C71C512FFC005339BD /* addRouteController.swift in Sources */ = {isa = PBXBuildFile; fileRef = 5522D1C61C512FFC005339BD /* addRouteController.swift */; };
		5522D1C91C5132B1005339BD /* motoRouteController.swift in Sources */ = {isa = PBXBuildFile; fileRef = 5522D1C81C5132B1005339BD /* motoRouteController.swift */; };
		552D32A41DB926DD0050E62D /* HTMLStringExtension.swift in Sources */ = {isa = PBXBuildFile; fileRef = 552D32A31DB926DD0050E62D /* HTMLStringExtension.swift */; };
		553156611D81BDC100A53E8F /* motoRoutesTests.swift in Sources */ = {isa = PBXBuildFile; fileRef = 553156601D81BDC100A53E8F /* motoRoutesTests.swift */; };
		5532ECD51D919D8200A7942B /* RealmModel.swift in Sources */ = {isa = PBXBuildFile; fileRef = 5532ECD41D919D8200A7942B /* RealmModel.swift */; };
		55350C0C1D8846FA00483E1C /* GoogleService-Info.plist in Resources */ = {isa = PBXBuildFile; fileRef = 55350C0B1D8846FA00483E1C /* GoogleService-Info.plist */; };
		553565551C5A83A2002628AD /* RouteMaster.swift in Sources */ = {isa = PBXBuildFile; fileRef = 553565541C5A83A2002628AD /* RouteMaster.swift */; };
		55399DE91DA5450500F2337A /* MarkerView.swift in Sources */ = {isa = PBXBuildFile; fileRef = 55399DE81DA5450500F2337A /* MarkerView.swift */; };
		553AB5021C50056400AC12A5 /* AppDelegate.swift in Sources */ = {isa = PBXBuildFile; fileRef = 553AB5011C50056400AC12A5 /* AppDelegate.swift */; };
		553AB5071C50056400AC12A5 /* Main.storyboard in Resources */ = {isa = PBXBuildFile; fileRef = 553AB5051C50056400AC12A5 /* Main.storyboard */; };
		553AB50C1C50056400AC12A5 /* Assets.xcassets in Resources */ = {isa = PBXBuildFile; fileRef = 553AB50B1C50056400AC12A5 /* Assets.xcassets */; };
		553AB50F1C50056400AC12A5 /* LaunchScreen.storyboard in Resources */ = {isa = PBXBuildFile; fileRef = 553AB50D1C50056400AC12A5 /* LaunchScreen.storyboard */; };
		553D05E51CE4AB7400D8555D /* Roboto-Bold.ttf in Resources */ = {isa = PBXBuildFile; fileRef = 553D05E21CE4AB7400D8555D /* Roboto-Bold.ttf */; };
		553D05E61CE4AB7400D8555D /* Roboto-Regular.ttf in Resources */ = {isa = PBXBuildFile; fileRef = 553D05E31CE4AB7400D8555D /* Roboto-Regular.ttf */; };
		553D05E71CE4AB7400D8555D /* Roboto-Thin.ttf in Resources */ = {isa = PBXBuildFile; fileRef = 553D05E41CE4AB7400D8555D /* Roboto-Thin.ttf */; };
		5546F02E1DCB9FDF00D13F1D /* SpinnerView.swift in Sources */ = {isa = PBXBuildFile; fileRef = 5546F02D1DCB9FDF00D13F1D /* SpinnerView.swift */; };
		554EEB501D071DCB00307F47 /* AnimationEngine.swift in Sources */ = {isa = PBXBuildFile; fileRef = 554EEB4F1D071DCB00307F47 /* AnimationEngine.swift */; };
		5562BA551C73663900EF340D /* Utils.swift in Sources */ = {isa = PBXBuildFile; fileRef = 5562BA541C73663900EF340D /* Utils.swift */; };
		556368AA1CEF4681004BBB6F /* Speedometer.swift in Sources */ = {isa = PBXBuildFile; fileRef = 556368A91CEF4681004BBB6F /* Speedometer.swift */; };
		556B8A681CE4B9A4000EE047 /* CameraSlider.swift in Sources */ = {isa = PBXBuildFile; fileRef = 556B8A671CE4B9A4000EE047 /* CameraSlider.swift */; };
		5571D6EC1DA3E7B6000A4A3A /* RouteCell.swift in Sources */ = {isa = PBXBuildFile; fileRef = 5571D6EB1DA3E7B6000A4A3A /* RouteCell.swift */; };
		5574793B1D5B58F900EE8C64 /* GeocodeUtils.swift in Sources */ = {isa = PBXBuildFile; fileRef = 5574793A1D5B58F900EE8C64 /* GeocodeUtils.swift */; };
		557E19ED1DC0AE6800CFE07B /* ButtonExtension.swift in Sources */ = {isa = PBXBuildFile; fileRef = 557E19EC1DC0AE6800CFE07B /* ButtonExtension.swift */; };
		558E00BC1DB7CDE90085DFA7 /* DotAnimation.swift in Sources */ = {isa = PBXBuildFile; fileRef = 558E00BB1DB7CDE90085DFA7 /* DotAnimation.swift */; };
		559160841D8C37CB006BEA7A /* Constants.swift in Sources */ = {isa = PBXBuildFile; fileRef = 559160831D8C37CB006BEA7A /* Constants.swift */; };
		559A5C4F1C57E0F500B5261F /* MRCellView.swift in Sources */ = {isa = PBXBuildFile; fileRef = 559A5C4E1C57E0F500B5261F /* MRCellView.swift */; };
		559AF4291D905036000D2B0E /* LoggedIn.swift in Sources */ = {isa = PBXBuildFile; fileRef = 559AF4281D905036000D2B0E /* LoggedIn.swift */; };
		55BB80C61D630D8B00D0CCEF /* RouteInfos.xib in Resources */ = {isa = PBXBuildFile; fileRef = 55BB80C51D630D8B00D0CCEF /* RouteInfos.xib */; };
		55BB80C81D630DD100D0CCEF /* RouteInfos.swift in Sources */ = {isa = PBXBuildFile; fileRef = 55BB80C71D630DD100D0CCEF /* RouteInfos.swift */; };
		55C0DD341DBF96230005C578 /* ActionConfirm.swift in Sources */ = {isa = PBXBuildFile; fileRef = 55C0DD331DBF96230005C578 /* ActionConfirm.swift */; };
		55C0DD361DBFA0980005C578 /* ActionButton.swift in Sources */ = {isa = PBXBuildFile; fileRef = 55C0DD351DBFA0980005C578 /* ActionButton.swift */; };
		55C567C31C6284E2008E045B /* Settings.bundle in Resources */ = {isa = PBXBuildFile; fileRef = 55C567C21C6284E2008E045B /* Settings.bundle */; };
		55D997001D92B8F200AB7DAB /* ExploreMotoRoutes.swift in Sources */ = {isa = PBXBuildFile; fileRef = 55D996FF1D92B8F200AB7DAB /* ExploreMotoRoutes.swift */; };
		55DA4FF61CF5DABB007C0151 /* CameraSliderCustom.swift in Sources */ = {isa = PBXBuildFile; fileRef = 55DA4FF51CF5DABA007C0151 /* CameraSliderCustom.swift */; };
		55DA72991D0030DD0095C52E /* MRCellViewImage.swift in Sources */ = {isa = PBXBuildFile; fileRef = 55DA72981D0030DD0095C52E /* MRCellViewImage.swift */; };
		55DC39B41D65AF45002E02EC /* NSDateExtension.swift in Sources */ = {isa = PBXBuildFile; fileRef = 55DC39B31D65AF45002E02EC /* NSDateExtension.swift */; };
		55DEC6261C99C20B000BA85F /* motoRouteCamera.swift in Sources */ = {isa = PBXBuildFile; fileRef = 55DEC6251C99C20B000BA85F /* motoRouteCamera.swift */; };
		55E1496E1CE1CD7B00B576BB /* motoRouteOptions.swift in Sources */ = {isa = PBXBuildFile; fileRef = 55E1496D1CE1CD7B00B576BB /* motoRouteOptions.swift */; };
		55E149711CE22DE000B576BB /* RouteSlider.swift in Sources */ = {isa = PBXBuildFile; fileRef = 55E149701CE22DE000B576BB /* RouteSlider.swift */; };
		55E2DE1C1DBA3DD1002C799C /* InfoTemplate.swift in Sources */ = {isa = PBXBuildFile; fileRef = 55E2DE1B1DBA3DD1002C799C /* InfoTemplate.swift */; };
		55EB15F91D9BFB1E0013528B /* GoogleData.swift in Sources */ = {isa = PBXBuildFile; fileRef = 55EB15F81D9BFB1E0013528B /* GoogleData.swift */; };
		55EF09EA1C5FD89000F2857E /* showRouteController.swift in Sources */ = {isa = PBXBuildFile; fileRef = 55EF09E91C5FD89000F2857E /* showRouteController.swift */; };
		55F009191D1148BA00FA2400 /* Localizable.strings in Resources */ = {isa = PBXBuildFile; fileRef = 55F0091B1D1148BA00FA2400 /* Localizable.strings */; };
		55F4C41D1D884AC4008AA17C /* SignInVC.swift in Sources */ = {isa = PBXBuildFile; fileRef = 55F4C41C1D884AC4008AA17C /* SignInVC.swift */; };
		55F72FC51D917C90002C9B4B /* FirebaseData.swift in Sources */ = {isa = PBXBuildFile; fileRef = 55F72FC41D917C90002C9B4B /* FirebaseData.swift */; };
		55F7CEF61D0700950051F338 /* MsgOverlay.swift in Sources */ = {isa = PBXBuildFile; fileRef = 55F7CEF51D0700950051F338 /* MsgOverlay.swift */; };
		55F7CEF81D0700CF0051F338 /* MsgOverlay.xib in Resources */ = {isa = PBXBuildFile; fileRef = 55F7CEF71D0700CF0051F338 /* MsgOverlay.xib */; };
		55F7CEFB1D07093B0051F338 /* motoButtons.swift in Sources */ = {isa = PBXBuildFile; fileRef = 55F7CEFA1D07093B0051F338 /* motoButtons.swift */; };
		A90D6F991C947101002E7980 /* MapUtils.swift in Sources */ = {isa = PBXBuildFile; fileRef = A90D6F981C947101002E7980 /* MapUtils.swift */; };
		A90D6F9B1C9471E2002E7980 /* Globals.swift in Sources */ = {isa = PBXBuildFile; fileRef = A90D6F9A1C9471E2002E7980 /* Globals.swift */; };
		AE703449D5F95EB9B2319039 /* Pods_motoRoutes.framework in Frameworks */ = {isa = PBXBuildFile; fileRef = 62A2198077AD7DDA6D1770AA /* Pods_motoRoutes.framework */; };
		B16276BA6816F7823DCECD41 /* Pods_motoRoutesTests.framework in Frameworks */ = {isa = PBXBuildFile; fileRef = 2F3CB5F5EF3BEC3AD2CF536C /* Pods_motoRoutesTests.framework */; };
/* End PBXBuildFile section */

/* Begin PBXContainerItemProxy section */
		553156631D81BDC100A53E8F /* PBXContainerItemProxy */ = {
			isa = PBXContainerItemProxy;
			containerPortal = 553AB4F61C50056400AC12A5 /* Project object */;
			proxyType = 1;
			remoteGlobalIDString = 553AB4FD1C50056400AC12A5;
			remoteInfo = motoRoutes;
		};
/* End PBXContainerItemProxy section */

/* Begin PBXFileReference section */
		21B824B9E3ECE57380DF2E65 /* Pods-motoRoutesTests.debug.xcconfig */ = {isa = PBXFileReference; includeInIndex = 1; lastKnownFileType = text.xcconfig; name = "Pods-motoRoutesTests.debug.xcconfig"; path = "Pods/Target Support Files/Pods-motoRoutesTests/Pods-motoRoutesTests.debug.xcconfig"; sourceTree = "<group>"; };
		2F3CB5F5EF3BEC3AD2CF536C /* Pods_motoRoutesTests.framework */ = {isa = PBXFileReference; explicitFileType = wrapper.framework; includeInIndex = 0; path = Pods_motoRoutesTests.framework; sourceTree = BUILT_PRODUCTS_DIR; };
		36A6F6F4A97883AD067FD437 /* Pods-motoRoutes.debug.xcconfig */ = {isa = PBXFileReference; includeInIndex = 1; lastKnownFileType = text.xcconfig; name = "Pods-motoRoutes.debug.xcconfig"; path = "Pods/Target Support Files/Pods-motoRoutes/Pods-motoRoutes.debug.xcconfig"; sourceTree = "<group>"; };
		3BC3E6448D743A03D95FFC8D /* Pods.framework */ = {isa = PBXFileReference; explicitFileType = wrapper.framework; includeInIndex = 0; path = Pods.framework; sourceTree = BUILT_PRODUCTS_DIR; };
		5506E0D81C650A230091364B /* ColorUtils.swift */ = {isa = PBXFileReference; fileEncoding = 4; lastKnownFileType = sourcecode.swift; path = ColorUtils.swift; sourceTree = "<group>"; };
		551EFF931CC11F640065204D /* ImageUtils.swift */ = {isa = PBXFileReference; fileEncoding = 4; lastKnownFileType = sourcecode.swift; path = ImageUtils.swift; sourceTree = "<group>"; };
		552240F01D6DE7EA00694E60 /* MotoChart.swift */ = {isa = PBXFileReference; fileEncoding = 4; lastKnownFileType = sourcecode.swift; path = MotoChart.swift; sourceTree = "<group>"; };
		552240F21D6DEA7700694E60 /* MotoChart.xib */ = {isa = PBXFileReference; fileEncoding = 4; lastKnownFileType = file.xib; path = MotoChart.xib; sourceTree = "<group>"; };
		5522D1C61C512FFC005339BD /* addRouteController.swift */ = {isa = PBXFileReference; fileEncoding = 4; lastKnownFileType = sourcecode.swift; path = addRouteController.swift; sourceTree = "<group>"; };
		5522D1C81C5132B1005339BD /* motoRouteController.swift */ = {isa = PBXFileReference; fileEncoding = 4; indentWidth = 5; lastKnownFileType = sourcecode.swift; path = motoRouteController.swift; sourceTree = "<group>"; };
		552D32A31DB926DD0050E62D /* HTMLStringExtension.swift */ = {isa = PBXFileReference; fileEncoding = 4; lastKnownFileType = sourcecode.swift; path = HTMLStringExtension.swift; sourceTree = "<group>"; };
		5530AFBC1D104E9800925A07 /* de */ = {isa = PBXFileReference; lastKnownFileType = text.plist.strings; name = de; path = de.lproj/Main.strings; sourceTree = "<group>"; };
		5530AFBD1D104E9800925A07 /* de */ = {isa = PBXFileReference; lastKnownFileType = text.plist.strings; name = de; path = de.lproj/LaunchScreen.strings; sourceTree = "<group>"; };
		5531565E1D81BDC100A53E8F /* motoRoutesTests.xctest */ = {isa = PBXFileReference; explicitFileType = wrapper.cfbundle; includeInIndex = 0; path = motoRoutesTests.xctest; sourceTree = BUILT_PRODUCTS_DIR; };
		553156601D81BDC100A53E8F /* motoRoutesTests.swift */ = {isa = PBXFileReference; lastKnownFileType = sourcecode.swift; path = motoRoutesTests.swift; sourceTree = "<group>"; };
		553156621D81BDC100A53E8F /* Info.plist */ = {isa = PBXFileReference; lastKnownFileType = text.plist.xml; path = Info.plist; sourceTree = "<group>"; };
		5532ECD41D919D8200A7942B /* RealmModel.swift */ = {isa = PBXFileReference; fileEncoding = 4; lastKnownFileType = sourcecode.swift; path = RealmModel.swift; sourceTree = "<group>"; };
		55350C0B1D8846FA00483E1C /* GoogleService-Info.plist */ = {isa = PBXFileReference; fileEncoding = 4; lastKnownFileType = text.plist.xml; path = "GoogleService-Info.plist"; sourceTree = "<group>"; };
		553565541C5A83A2002628AD /* RouteMaster.swift */ = {isa = PBXFileReference; fileEncoding = 4; lastKnownFileType = sourcecode.swift; path = RouteMaster.swift; sourceTree = "<group>"; };
		55399DE81DA5450500F2337A /* MarkerView.swift */ = {isa = PBXFileReference; fileEncoding = 4; lastKnownFileType = sourcecode.swift; path = MarkerView.swift; sourceTree = "<group>"; };
		553AB4FE1C50056400AC12A5 /* motoRoutes.app */ = {isa = PBXFileReference; explicitFileType = wrapper.application; includeInIndex = 0; path = motoRoutes.app; sourceTree = BUILT_PRODUCTS_DIR; };
		553AB5011C50056400AC12A5 /* AppDelegate.swift */ = {isa = PBXFileReference; lastKnownFileType = sourcecode.swift; path = AppDelegate.swift; sourceTree = "<group>"; };
		553AB5061C50056400AC12A5 /* Base */ = {isa = PBXFileReference; lastKnownFileType = file.storyboard; name = Base; path = Base.lproj/Main.storyboard; sourceTree = "<group>"; };
		553AB50B1C50056400AC12A5 /* Assets.xcassets */ = {isa = PBXFileReference; lastKnownFileType = folder.assetcatalog; path = Assets.xcassets; sourceTree = "<group>"; };
		553AB50E1C50056400AC12A5 /* Base */ = {isa = PBXFileReference; lastKnownFileType = file.storyboard; name = Base; path = Base.lproj/LaunchScreen.storyboard; sourceTree = "<group>"; };
		553AB5101C50056400AC12A5 /* Info.plist */ = {isa = PBXFileReference; lastKnownFileType = text.plist.xml; path = Info.plist; sourceTree = "<group>"; };
		553D05E21CE4AB7400D8555D /* Roboto-Bold.ttf */ = {isa = PBXFileReference; lastKnownFileType = file; path = "Roboto-Bold.ttf"; sourceTree = "<group>"; };
		553D05E31CE4AB7400D8555D /* Roboto-Regular.ttf */ = {isa = PBXFileReference; lastKnownFileType = file; path = "Roboto-Regular.ttf"; sourceTree = "<group>"; };
		553D05E41CE4AB7400D8555D /* Roboto-Thin.ttf */ = {isa = PBXFileReference; lastKnownFileType = file; path = "Roboto-Thin.ttf"; sourceTree = "<group>"; };
		5546F02D1DCB9FDF00D13F1D /* SpinnerView.swift */ = {isa = PBXFileReference; fileEncoding = 4; lastKnownFileType = sourcecode.swift; path = SpinnerView.swift; sourceTree = "<group>"; };
		554EEB4B1D070F8200307F47 /* motoRoutes-Bridging-Header.h */ = {isa = PBXFileReference; lastKnownFileType = sourcecode.c.h; path = "motoRoutes-Bridging-Header.h"; sourceTree = "<group>"; };
		554EEB4F1D071DCB00307F47 /* AnimationEngine.swift */ = {isa = PBXFileReference; fileEncoding = 4; lastKnownFileType = sourcecode.swift; path = AnimationEngine.swift; sourceTree = "<group>"; };
		5562BA541C73663900EF340D /* Utils.swift */ = {isa = PBXFileReference; fileEncoding = 4; lastKnownFileType = sourcecode.swift; path = Utils.swift; sourceTree = "<group>"; };
		556368A91CEF4681004BBB6F /* Speedometer.swift */ = {isa = PBXFileReference; fileEncoding = 4; lastKnownFileType = sourcecode.swift; path = Speedometer.swift; sourceTree = "<group>"; };
		556B8A671CE4B9A4000EE047 /* CameraSlider.swift */ = {isa = PBXFileReference; fileEncoding = 4; lastKnownFileType = sourcecode.swift; path = CameraSlider.swift; sourceTree = "<group>"; };
		5571D6EB1DA3E7B6000A4A3A /* RouteCell.swift */ = {isa = PBXFileReference; fileEncoding = 4; lastKnownFileType = sourcecode.swift; path = RouteCell.swift; sourceTree = "<group>"; };
		5574793A1D5B58F900EE8C64 /* GeocodeUtils.swift */ = {isa = PBXFileReference; fileEncoding = 4; lastKnownFileType = sourcecode.swift; path = GeocodeUtils.swift; sourceTree = "<group>"; };
		557C5FDF1D8974F4004381B5 /* motoRoutes.entitlements */ = {isa = PBXFileReference; lastKnownFileType = text.xml; path = motoRoutes.entitlements; sourceTree = "<group>"; };
		557E19EC1DC0AE6800CFE07B /* ButtonExtension.swift */ = {isa = PBXFileReference; fileEncoding = 4; lastKnownFileType = sourcecode.swift; path = ButtonExtension.swift; sourceTree = "<group>"; };
		558E00BB1DB7CDE90085DFA7 /* DotAnimation.swift */ = {isa = PBXFileReference; fileEncoding = 4; lastKnownFileType = sourcecode.swift; path = DotAnimation.swift; sourceTree = "<group>"; };
		559160831D8C37CB006BEA7A /* Constants.swift */ = {isa = PBXFileReference; fileEncoding = 4; lastKnownFileType = sourcecode.swift; path = Constants.swift; sourceTree = "<group>"; };
		559A5C4E1C57E0F500B5261F /* MRCellView.swift */ = {isa = PBXFileReference; fileEncoding = 4; lastKnownFileType = sourcecode.swift; path = MRCellView.swift; sourceTree = "<group>"; };
		559AF4281D905036000D2B0E /* LoggedIn.swift */ = {isa = PBXFileReference; fileEncoding = 4; lastKnownFileType = sourcecode.swift; path = LoggedIn.swift; sourceTree = "<group>"; };
		55B323441D12F5FF00EA5C57 /* de */ = {isa = PBXFileReference; lastKnownFileType = text.plist.strings; name = de; path = de.lproj/Localizable.strings; sourceTree = "<group>"; };
		55BB80C51D630D8B00D0CCEF /* RouteInfos.xib */ = {isa = PBXFileReference; fileEncoding = 4; lastKnownFileType = file.xib; path = RouteInfos.xib; sourceTree = "<group>"; };
		55BB80C71D630DD100D0CCEF /* RouteInfos.swift */ = {isa = PBXFileReference; fileEncoding = 4; lastKnownFileType = sourcecode.swift; path = RouteInfos.swift; sourceTree = "<group>"; };
		55C0DD331DBF96230005C578 /* ActionConfirm.swift */ = {isa = PBXFileReference; fileEncoding = 4; lastKnownFileType = sourcecode.swift; path = ActionConfirm.swift; sourceTree = "<group>"; };
		55C0DD351DBFA0980005C578 /* ActionButton.swift */ = {isa = PBXFileReference; fileEncoding = 4; lastKnownFileType = sourcecode.swift; path = ActionButton.swift; sourceTree = "<group>"; };
		55C567C21C6284E2008E045B /* Settings.bundle */ = {isa = PBXFileReference; lastKnownFileType = "wrapper.plug-in"; path = Settings.bundle; sourceTree = "<group>"; };
		55D996FF1D92B8F200AB7DAB /* ExploreMotoRoutes.swift */ = {isa = PBXFileReference; fileEncoding = 4; lastKnownFileType = sourcecode.swift; path = ExploreMotoRoutes.swift; sourceTree = "<group>"; };
		55DA4FF51CF5DABA007C0151 /* CameraSliderCustom.swift */ = {isa = PBXFileReference; fileEncoding = 4; lastKnownFileType = sourcecode.swift; path = CameraSliderCustom.swift; sourceTree = "<group>"; };
		55DA72981D0030DD0095C52E /* MRCellViewImage.swift */ = {isa = PBXFileReference; fileEncoding = 4; lastKnownFileType = sourcecode.swift; path = MRCellViewImage.swift; sourceTree = "<group>"; };
		55DC39B31D65AF45002E02EC /* NSDateExtension.swift */ = {isa = PBXFileReference; fileEncoding = 4; lastKnownFileType = sourcecode.swift; path = NSDateExtension.swift; sourceTree = "<group>"; };
		55DEC6251C99C20B000BA85F /* motoRouteCamera.swift */ = {isa = PBXFileReference; fileEncoding = 4; lastKnownFileType = sourcecode.swift; path = motoRouteCamera.swift; sourceTree = "<group>"; };
		55E1496D1CE1CD7B00B576BB /* motoRouteOptions.swift */ = {isa = PBXFileReference; fileEncoding = 4; lastKnownFileType = sourcecode.swift; path = motoRouteOptions.swift; sourceTree = "<group>"; };
		55E149701CE22DE000B576BB /* RouteSlider.swift */ = {isa = PBXFileReference; fileEncoding = 4; lastKnownFileType = sourcecode.swift; path = RouteSlider.swift; sourceTree = "<group>"; };
		55E2DE1B1DBA3DD1002C799C /* InfoTemplate.swift */ = {isa = PBXFileReference; fileEncoding = 4; lastKnownFileType = sourcecode.swift; path = InfoTemplate.swift; sourceTree = "<group>"; };
		55EB15F81D9BFB1E0013528B /* GoogleData.swift */ = {isa = PBXFileReference; fileEncoding = 4; lastKnownFileType = sourcecode.swift; path = GoogleData.swift; sourceTree = "<group>"; };
		55EF09E91C5FD89000F2857E /* showRouteController.swift */ = {isa = PBXFileReference; fileEncoding = 4; lastKnownFileType = sourcecode.swift; path = showRouteController.swift; sourceTree = "<group>"; };
		55F0091D1D114B6300FA2400 /* en */ = {isa = PBXFileReference; lastKnownFileType = text.plist.strings; name = en; path = en.lproj/Localizable.strings; sourceTree = "<group>"; };
		55F009211D114B9D00FA2400 /* Base */ = {isa = PBXFileReference; lastKnownFileType = text.plist.strings; name = Base; path = Base.lproj/Localizable.strings; sourceTree = "<group>"; };
		55F4C41C1D884AC4008AA17C /* SignInVC.swift */ = {isa = PBXFileReference; fileEncoding = 4; lastKnownFileType = sourcecode.swift; path = SignInVC.swift; sourceTree = "<group>"; };
		55F72FC41D917C90002C9B4B /* FirebaseData.swift */ = {isa = PBXFileReference; fileEncoding = 4; lastKnownFileType = sourcecode.swift; path = FirebaseData.swift; sourceTree = "<group>"; };
		55F7CEF51D0700950051F338 /* MsgOverlay.swift */ = {isa = PBXFileReference; fileEncoding = 4; lastKnownFileType = sourcecode.swift; path = MsgOverlay.swift; sourceTree = "<group>"; };
		55F7CEF71D0700CF0051F338 /* MsgOverlay.xib */ = {isa = PBXFileReference; fileEncoding = 4; lastKnownFileType = file.xib; path = MsgOverlay.xib; sourceTree = "<group>"; };
		55F7CEFA1D07093B0051F338 /* motoButtons.swift */ = {isa = PBXFileReference; fileEncoding = 4; lastKnownFileType = sourcecode.swift; path = motoButtons.swift; sourceTree = "<group>"; };
		5D81C0C546C36DA4606FA426 /* Pods-motoRoutes.release.xcconfig */ = {isa = PBXFileReference; includeInIndex = 1; lastKnownFileType = text.xcconfig; name = "Pods-motoRoutes.release.xcconfig"; path = "Pods/Target Support Files/Pods-motoRoutes/Pods-motoRoutes.release.xcconfig"; sourceTree = "<group>"; };
		62A2198077AD7DDA6D1770AA /* Pods_motoRoutes.framework */ = {isa = PBXFileReference; explicitFileType = wrapper.framework; includeInIndex = 0; path = Pods_motoRoutes.framework; sourceTree = BUILT_PRODUCTS_DIR; };
		74F91450E82751ECAFC45A7C /* Pods-motoRoutesTests.release.xcconfig */ = {isa = PBXFileReference; includeInIndex = 1; lastKnownFileType = text.xcconfig; name = "Pods-motoRoutesTests.release.xcconfig"; path = "Pods/Target Support Files/Pods-motoRoutesTests/Pods-motoRoutesTests.release.xcconfig"; sourceTree = "<group>"; };
		A90D6F981C947101002E7980 /* MapUtils.swift */ = {isa = PBXFileReference; fileEncoding = 4; lastKnownFileType = sourcecode.swift; path = MapUtils.swift; sourceTree = "<group>"; };
		A90D6F9A1C9471E2002E7980 /* Globals.swift */ = {isa = PBXFileReference; fileEncoding = 4; lastKnownFileType = sourcecode.swift; path = Globals.swift; sourceTree = "<group>"; };
/* End PBXFileReference section */

/* Begin PBXFrameworksBuildPhase section */
		5531565B1D81BDC100A53E8F /* Frameworks */ = {
			isa = PBXFrameworksBuildPhase;
			buildActionMask = 2147483647;
			files = (
				B16276BA6816F7823DCECD41 /* Pods_motoRoutesTests.framework in Frameworks */,
			);
			runOnlyForDeploymentPostprocessing = 0;
		};
		553AB4FB1C50056400AC12A5 /* Frameworks */ = {
			isa = PBXFrameworksBuildPhase;
			buildActionMask = 2147483647;
			files = (
				AE703449D5F95EB9B2319039 /* Pods_motoRoutes.framework in Frameworks */,
			);
			runOnlyForDeploymentPostprocessing = 0;
		};
/* End PBXFrameworksBuildPhase section */

/* Begin PBXGroup section */
		466F78ADB39DC4FE09DBDF48 /* Pods */ = {
			isa = PBXGroup;
			children = (
				36A6F6F4A97883AD067FD437 /* Pods-motoRoutes.debug.xcconfig */,
				5D81C0C546C36DA4606FA426 /* Pods-motoRoutes.release.xcconfig */,
				21B824B9E3ECE57380DF2E65 /* Pods-motoRoutesTests.debug.xcconfig */,
				74F91450E82751ECAFC45A7C /* Pods-motoRoutesTests.release.xcconfig */,
			);
			name = Pods;
			sourceTree = "<group>";
		};
		52ACE237A2458B42E81E2C00 /* Frameworks */ = {
			isa = PBXGroup;
			children = (
				3BC3E6448D743A03D95FFC8D /* Pods.framework */,
				62A2198077AD7DDA6D1770AA /* Pods_motoRoutes.framework */,
				2F3CB5F5EF3BEC3AD2CF536C /* Pods_motoRoutesTests.framework */,
			);
			name = Frameworks;
			sourceTree = "<group>";
		};
		552240EF1D6DE7BA00694E60 /* Chart */ = {
			isa = PBXGroup;
			children = (
				552240F01D6DE7EA00694E60 /* MotoChart.swift */,
				552240F21D6DEA7700694E60 /* MotoChart.xib */,
			);
			name = Chart;
			sourceTree = "<group>";
		};
		5531565F1D81BDC100A53E8F /* motoRoutesTests */ = {
			isa = PBXGroup;
			children = (
				553156601D81BDC100A53E8F /* motoRoutesTests.swift */,
				553156621D81BDC100A53E8F /* Info.plist */,
			);
			path = motoRoutesTests;
			sourceTree = "<group>";
		};
		55399DE71DA544EA00F2337A /* MarkerView */ = {
			isa = PBXGroup;
			children = (
				55399DE81DA5450500F2337A /* MarkerView.swift */,
			);
			name = MarkerView;
			sourceTree = "<group>";
		};
		553AB4F51C50056400AC12A5 = {
			isa = PBXGroup;
			children = (
				553AB5001C50056400AC12A5 /* motoRoutes */,
				5531565F1D81BDC100A53E8F /* motoRoutesTests */,
				553AB4FF1C50056400AC12A5 /* Products */,
				52ACE237A2458B42E81E2C00 /* Frameworks */,
				466F78ADB39DC4FE09DBDF48 /* Pods */,
			);
			sourceTree = "<group>";
		};
		553AB4FF1C50056400AC12A5 /* Products */ = {
			isa = PBXGroup;
			children = (
				553AB4FE1C50056400AC12A5 /* motoRoutes.app */,
				5531565E1D81BDC100A53E8F /* motoRoutesTests.xctest */,
			);
			name = Products;
			sourceTree = "<group>";
		};
		553AB5001C50056400AC12A5 /* motoRoutes */ = {
			isa = PBXGroup;
			children = (
				557C5FDF1D8974F4004381B5 /* motoRoutes.entitlements */,
				A983FD731C5525F600C99F83 /* Models */,
				55E1496F1CE22D7E00B576BB /* View */,
				55E1496C1CE1C87A00B576BB /* Controller */,
				555C0D7F1CE47EF100DABBD4 /* Recources */,
				55AB5D4B1C5694FE005E8A26 /* Utils */,
				55A95CA91D93D3240049C381 /* DataServices */,
				55A95CA81D93D30F0049C381 /* Constants */,
				55DC39B21D65AF28002E02EC /* Extensions */,
				553AB5011C50056400AC12A5 /* AppDelegate.swift */,
				553AB5051C50056400AC12A5 /* Main.storyboard */,
				553AB50B1C50056400AC12A5 /* Assets.xcassets */,
				553AB50D1C50056400AC12A5 /* LaunchScreen.storyboard */,
				553AB5101C50056400AC12A5 /* Info.plist */,
				55350C0B1D8846FA00483E1C /* GoogleService-Info.plist */,
				55C567C21C6284E2008E045B /* Settings.bundle */,
				554EEB4B1D070F8200307F47 /* motoRoutes-Bridging-Header.h */,
			);
			path = motoRoutes;
			sourceTree = "<group>";
		};
		555C0D7F1CE47EF100DABBD4 /* Recources */ = {
			isa = PBXGroup;
			children = (
				55F0091C1D11496500FA2400 /* LocalizationStrings */,
				553D05E31CE4AB7400D8555D /* Roboto-Regular.ttf */,
				553D05E21CE4AB7400D8555D /* Roboto-Bold.ttf */,
				553D05E41CE4AB7400D8555D /* Roboto-Thin.ttf */,
			);
			name = Recources;
			sourceTree = "<group>";
		};
		5571D6EA1DA3E75C000A4A3A /* CollectionView */ = {
			isa = PBXGroup;
			children = (
				5571D6EB1DA3E7B6000A4A3A /* RouteCell.swift */,
			);
			name = CollectionView;
			sourceTree = "<group>";
		};
		55A95CA81D93D30F0049C381 /* Constants */ = {
			isa = PBXGroup;
			children = (
				A90D6F9A1C9471E2002E7980 /* Globals.swift */,
				559160831D8C37CB006BEA7A /* Constants.swift */,
			);
			name = Constants;
			sourceTree = "<group>";
		};
		55A95CA91D93D3240049C381 /* DataServices */ = {
			isa = PBXGroup;
			children = (
				55F72FC41D917C90002C9B4B /* FirebaseData.swift */,
				5574793A1D5B58F900EE8C64 /* GeocodeUtils.swift */,
				55EB15F81D9BFB1E0013528B /* GoogleData.swift */,
			);
			name = DataServices;
			sourceTree = "<group>";
		};
		55AB5D4B1C5694FE005E8A26 /* Utils */ = {
			isa = PBXGroup;
			children = (
				A90D6F981C947101002E7980 /* MapUtils.swift */,
				5506E0D81C650A230091364B /* ColorUtils.swift */,
				5562BA541C73663900EF340D /* Utils.swift */,
				551EFF931CC11F640065204D /* ImageUtils.swift */,
				554EEB4F1D071DCB00307F47 /* AnimationEngine.swift */,
			);
			name = Utils;
			sourceTree = "<group>";
		};
		55BB80C41D630D2900D0CCEF /* InfoLabels */ = {
			isa = PBXGroup;
			children = (
				55E2DE1B1DBA3DD1002C799C /* InfoTemplate.swift */,
				55BB80C71D630DD100D0CCEF /* RouteInfos.swift */,
				55BB80C51D630D8B00D0CCEF /* RouteInfos.xib */,
			);
			name = InfoLabels;
			sourceTree = "<group>";
		};
		55C0DD321DBF95EF0005C578 /* ActionMenu */ = {
			isa = PBXGroup;
			children = (
				55C0DD331DBF96230005C578 /* ActionConfirm.swift */,
				55C0DD351DBFA0980005C578 /* ActionButton.swift */,
			);
			name = ActionMenu;
			sourceTree = "<group>";
		};
		55DC39B21D65AF28002E02EC /* Extensions */ = {
			isa = PBXGroup;
			children = (
				55DC39B31D65AF45002E02EC /* NSDateExtension.swift */,
				552D32A31DB926DD0050E62D /* HTMLStringExtension.swift */,
				557E19EC1DC0AE6800CFE07B /* ButtonExtension.swift */,
			);
			name = Extensions;
			sourceTree = "<group>";
		};
		55E1496C1CE1C87A00B576BB /* Controller */ = {
			isa = PBXGroup;
			children = (
				55DEC6251C99C20B000BA85F /* motoRouteCamera.swift */,
				5522D1C61C512FFC005339BD /* addRouteController.swift */,
				5522D1C81C5132B1005339BD /* motoRouteController.swift */,
				55EF09E91C5FD89000F2857E /* showRouteController.swift */,
				55E1496D1CE1CD7B00B576BB /* motoRouteOptions.swift */,
				55D996FF1D92B8F200AB7DAB /* ExploreMotoRoutes.swift */,
				55F4C41C1D884AC4008AA17C /* SignInVC.swift */,
				559AF4281D905036000D2B0E /* LoggedIn.swift */,
			);
			name = Controller;
			sourceTree = "<group>";
		};
		55E1496F1CE22D7E00B576BB /* View */ = {
			isa = PBXGroup;
			children = (
				55C0DD321DBF95EF0005C578 /* ActionMenu */,
				55399DE71DA544EA00F2337A /* MarkerView */,
				5571D6EA1DA3E75C000A4A3A /* CollectionView */,
				552240EF1D6DE7BA00694E60 /* Chart */,
				55BB80C41D630D2900D0CCEF /* InfoLabels */,
				55F7CEF41D06FB190051F338 /* Controls */,
				55F7CEF31D06FAFC0051F338 /* Overlay */,
				559A5C4E1C57E0F500B5261F /* MRCellView.swift */,
				556368A91CEF4681004BBB6F /* Speedometer.swift */,
				55DA72981D0030DD0095C52E /* MRCellViewImage.swift */,
				558E00BB1DB7CDE90085DFA7 /* DotAnimation.swift */,
				5546F02D1DCB9FDF00D13F1D /* SpinnerView.swift */,
			);
			name = View;
			sourceTree = "<group>";
		};
		55F0091C1D11496500FA2400 /* LocalizationStrings */ = {
			isa = PBXGroup;
			children = (
				55F0091B1D1148BA00FA2400 /* Localizable.strings */,
			);
			name = LocalizationStrings;
			sourceTree = "<group>";
		};
		55F7CEF31D06FAFC0051F338 /* Overlay */ = {
			isa = PBXGroup;
			children = (
				55F7CEF51D0700950051F338 /* MsgOverlay.swift */,
				55F7CEF71D0700CF0051F338 /* MsgOverlay.xib */,
			);
			name = Overlay;
			sourceTree = "<group>";
		};
		55F7CEF41D06FB190051F338 /* Controls */ = {
			isa = PBXGroup;
			children = (
				55E149701CE22DE000B576BB /* RouteSlider.swift */,
				55DA4FF51CF5DABA007C0151 /* CameraSliderCustom.swift */,
				556B8A671CE4B9A4000EE047 /* CameraSlider.swift */,
				55F7CEFA1D07093B0051F338 /* motoButtons.swift */,
			);
			name = Controls;
			sourceTree = "<group>";
		};
		A983FD731C5525F600C99F83 /* Models */ = {
			isa = PBXGroup;
			children = (
				553565541C5A83A2002628AD /* RouteMaster.swift */,
				5532ECD41D919D8200A7942B /* RealmModel.swift */,
			);
			name = Models;
			sourceTree = "<group>";
		};
/* End PBXGroup section */

/* Begin PBXNativeTarget section */
		5531565D1D81BDC100A53E8F /* motoRoutesTests */ = {
			isa = PBXNativeTarget;
			buildConfigurationList = 553156671D81BDC100A53E8F /* Build configuration list for PBXNativeTarget "motoRoutesTests" */;
			buildPhases = (
				A80CAFC2C1DA2B01B6C23543 /* [CP] Check Pods Manifest.lock */,
				5531565A1D81BDC100A53E8F /* Sources */,
				5531565B1D81BDC100A53E8F /* Frameworks */,
				5531565C1D81BDC100A53E8F /* Resources */,
				F69227B8ED4976C9421D1699 /* [CP] Embed Pods Frameworks */,
				4D0041422168B5A7FD144733 /* [CP] Copy Pods Resources */,
			);
			buildRules = (
			);
			dependencies = (
				553156641D81BDC100A53E8F /* PBXTargetDependency */,
			);
			name = motoRoutesTests;
			productName = motoRoutesTests;
			productReference = 5531565E1D81BDC100A53E8F /* motoRoutesTests.xctest */;
			productType = "com.apple.product-type.bundle.unit-test";
		};
		553AB4FD1C50056400AC12A5 /* motoRoutes */ = {
			isa = PBXNativeTarget;
			buildConfigurationList = 553AB5131C50056400AC12A5 /* Build configuration list for PBXNativeTarget "motoRoutes" */;
			buildPhases = (
				F894D9479E6316E6E80363DB /* [CP] Check Pods Manifest.lock */,
				553AB4FA1C50056400AC12A5 /* Sources */,
				553AB4FB1C50056400AC12A5 /* Frameworks */,
				553AB4FC1C50056400AC12A5 /* Resources */,
				553565531C5A8297002628AD /* ShellScript */,
				557605FD1C6B316400EBDAE3 /* ShellScript */,
				5BD2350BF58804D3188492DE /* [CP] Embed Pods Frameworks */,
				AC610AC6274BBAA0948D6343 /* [CP] Copy Pods Resources */,
			);
			buildRules = (
			);
			dependencies = (
			);
			name = motoRoutes;
			productName = motoRoutes;
			productReference = 553AB4FE1C50056400AC12A5 /* motoRoutes.app */;
			productType = "com.apple.product-type.application";
		};
/* End PBXNativeTarget section */

/* Begin PBXProject section */
		553AB4F61C50056400AC12A5 /* Project object */ = {
			isa = PBXProject;
			attributes = {
				LastSwiftUpdateCheck = 0730;
				LastUpgradeCheck = 0810;
				ORGANIZATIONNAME = "Peter Pohlmann";
				TargetAttributes = {
					5531565D1D81BDC100A53E8F = {
						CreatedOnToolsVersion = 7.3;
						LastSwiftMigration = 0810;
						TestTargetID = 553AB4FD1C50056400AC12A5;
					};
					553AB4FD1C50056400AC12A5 = {
						CreatedOnToolsVersion = 7.2;
						DevelopmentTeam = 4RGRETYKQ9;
						LastSwiftMigration = 0810;
						SystemCapabilities = {
							com.apple.BackgroundModes = {
								enabled = 1;
							};
							com.apple.Keychain = {
								enabled = 1;
							};
							com.apple.Maps.iOS = {
								enabled = 1;
							};
						};
					};
				};
			};
			buildConfigurationList = 553AB4F91C50056400AC12A5 /* Build configuration list for PBXProject "motoRoutes" */;
			compatibilityVersion = "Xcode 3.2";
			developmentRegion = English;
			hasScannedForEncodings = 0;
			knownRegions = (
				en,
				Base,
				de,
			);
			mainGroup = 553AB4F51C50056400AC12A5;
			productRefGroup = 553AB4FF1C50056400AC12A5 /* Products */;
			projectDirPath = "";
			projectRoot = "";
			targets = (
				553AB4FD1C50056400AC12A5 /* motoRoutes */,
				5531565D1D81BDC100A53E8F /* motoRoutesTests */,
			);
		};
/* End PBXProject section */

/* Begin PBXResourcesBuildPhase section */
		5531565C1D81BDC100A53E8F /* Resources */ = {
			isa = PBXResourcesBuildPhase;
			buildActionMask = 2147483647;
			files = (
			);
			runOnlyForDeploymentPostprocessing = 0;
		};
		553AB4FC1C50056400AC12A5 /* Resources */ = {
			isa = PBXResourcesBuildPhase;
			buildActionMask = 2147483647;
			files = (
				55F7CEF81D0700CF0051F338 /* MsgOverlay.xib in Resources */,
				553D05E71CE4AB7400D8555D /* Roboto-Thin.ttf in Resources */,
				553D05E61CE4AB7400D8555D /* Roboto-Regular.ttf in Resources */,
				55C567C31C6284E2008E045B /* Settings.bundle in Resources */,
				55F009191D1148BA00FA2400 /* Localizable.strings in Resources */,
				55350C0C1D8846FA00483E1C /* GoogleService-Info.plist in Resources */,
				553AB50F1C50056400AC12A5 /* LaunchScreen.storyboard in Resources */,
				55BB80C61D630D8B00D0CCEF /* RouteInfos.xib in Resources */,
				553D05E51CE4AB7400D8555D /* Roboto-Bold.ttf in Resources */,
				553AB50C1C50056400AC12A5 /* Assets.xcassets in Resources */,
				552240F31D6DEA7700694E60 /* MotoChart.xib in Resources */,
				553AB5071C50056400AC12A5 /* Main.storyboard in Resources */,
			);
			runOnlyForDeploymentPostprocessing = 0;
		};
/* End PBXResourcesBuildPhase section */

/* Begin PBXShellScriptBuildPhase section */
		4D0041422168B5A7FD144733 /* [CP] Copy Pods Resources */ = {
			isa = PBXShellScriptBuildPhase;
			buildActionMask = 2147483647;
			files = (
			);
			inputPaths = (
			);
			name = "[CP] Copy Pods Resources";
			outputPaths = (
			);
			runOnlyForDeploymentPostprocessing = 0;
			shellPath = /bin/sh;
			shellScript = "\"${SRCROOT}/Pods/Target Support Files/Pods-motoRoutesTests/Pods-motoRoutesTests-resources.sh\"\n";
			showEnvVarsInLog = 0;
		};
		553565531C5A8297002628AD /* ShellScript */ = {
			isa = PBXShellScriptBuildPhase;
			buildActionMask = 2147483647;
			files = (
			);
			inputPaths = (
			);
			outputPaths = (
			);
			runOnlyForDeploymentPostprocessing = 0;
			shellPath = /bin/sh;
			shellScript = "
";
		};
		557605FD1C6B316400EBDAE3 /* ShellScript */ = {
			isa = PBXShellScriptBuildPhase;
			buildActionMask = 2147483647;
			files = (
			);
			inputPaths = (
			);
			outputPaths = (
			);
			runOnlyForDeploymentPostprocessing = 0;
			shellPath = /bin/sh;
			shellScript = "\"${PODS_ROOT}/Fabric/run\" 17ab2ed7217680b1e3edfec4c25ecb5145bba120 70f70745ec3380e81c1ef48f8d528559b6fcd8dd659cc4909db32f1bde8fa923";
		};
		5BD2350BF58804D3188492DE /* [CP] Embed Pods Frameworks */ = {
			isa = PBXShellScriptBuildPhase;
			buildActionMask = 2147483647;
			files = (
			);
			inputPaths = (
			);
			name = "[CP] Embed Pods Frameworks";
			outputPaths = (
			);
			runOnlyForDeploymentPostprocessing = 0;
			shellPath = /bin/sh;
			shellScript = "\"${SRCROOT}/Pods/Target Support Files/Pods-motoRoutes/Pods-motoRoutes-frameworks.sh\"\n";
			showEnvVarsInLog = 0;
		};
		A80CAFC2C1DA2B01B6C23543 /* [CP] Check Pods Manifest.lock */ = {
			isa = PBXShellScriptBuildPhase;
			buildActionMask = 2147483647;
			files = (
			);
			inputPaths = (
			);
			name = "[CP] Check Pods Manifest.lock";
			outputPaths = (
			);
			runOnlyForDeploymentPostprocessing = 0;
			shellPath = /bin/sh;
			shellScript = "diff \"${PODS_ROOT}/../Podfile.lock\" \"${PODS_ROOT}/Manifest.lock\" > /dev/null\nif [[ $? != 0 ]] ; then\n    cat << EOM\nerror: The sandbox is not in sync with the Podfile.lock. Run 'pod install' or update your CocoaPods installation.\nEOM\n    exit 1\nfi\n";
			showEnvVarsInLog = 0;
		};
		AC610AC6274BBAA0948D6343 /* [CP] Copy Pods Resources */ = {
			isa = PBXShellScriptBuildPhase;
			buildActionMask = 2147483647;
			files = (
			);
			inputPaths = (
			);
			name = "[CP] Copy Pods Resources";
			outputPaths = (
			);
			runOnlyForDeploymentPostprocessing = 0;
			shellPath = /bin/sh;
			shellScript = "\"${SRCROOT}/Pods/Target Support Files/Pods-motoRoutes/Pods-motoRoutes-resources.sh\"\n";
			showEnvVarsInLog = 0;
		};
		F69227B8ED4976C9421D1699 /* [CP] Embed Pods Frameworks */ = {
			isa = PBXShellScriptBuildPhase;
			buildActionMask = 2147483647;
			files = (
			);
			inputPaths = (
			);
			name = "[CP] Embed Pods Frameworks";
			outputPaths = (
			);
			runOnlyForDeploymentPostprocessing = 0;
			shellPath = /bin/sh;
			shellScript = "\"${SRCROOT}/Pods/Target Support Files/Pods-motoRoutesTests/Pods-motoRoutesTests-frameworks.sh\"\n";
			showEnvVarsInLog = 0;
		};
		F894D9479E6316E6E80363DB /* [CP] Check Pods Manifest.lock */ = {
			isa = PBXShellScriptBuildPhase;
			buildActionMask = 2147483647;
			files = (
			);
			inputPaths = (
			);
			name = "[CP] Check Pods Manifest.lock";
			outputPaths = (
			);
			runOnlyForDeploymentPostprocessing = 0;
			shellPath = /bin/sh;
			shellScript = "diff \"${PODS_ROOT}/../Podfile.lock\" \"${PODS_ROOT}/Manifest.lock\" > /dev/null\nif [[ $? != 0 ]] ; then\n    cat << EOM\nerror: The sandbox is not in sync with the Podfile.lock. Run 'pod install' or update your CocoaPods installation.\nEOM\n    exit 1\nfi\n";
			showEnvVarsInLog = 0;
		};
/* End PBXShellScriptBuildPhase section */

/* Begin PBXSourcesBuildPhase section */
		5531565A1D81BDC100A53E8F /* Sources */ = {
			isa = PBXSourcesBuildPhase;
			buildActionMask = 2147483647;
			files = (
				553156611D81BDC100A53E8F /* motoRoutesTests.swift in Sources */,
			);
			runOnlyForDeploymentPostprocessing = 0;
		};
		553AB4FA1C50056400AC12A5 /* Sources */ = {
			isa = PBXSourcesBuildPhase;
			buildActionMask = 2147483647;
			files = (
				55EF09EA1C5FD89000F2857E /* showRouteController.swift in Sources */,
				5532ECD51D919D8200A7942B /* RealmModel.swift in Sources */,
				55C0DD361DBFA0980005C578 /* ActionButton.swift in Sources */,
				55BB80C81D630DD100D0CCEF /* RouteInfos.swift in Sources */,
				55F4C41D1D884AC4008AA17C /* SignInVC.swift in Sources */,
				558E00BC1DB7CDE90085DFA7 /* DotAnimation.swift in Sources */,
				556368AA1CEF4681004BBB6F /* Speedometer.swift in Sources */,
				5571D6EC1DA3E7B6000A4A3A /* RouteCell.swift in Sources */,
				553565551C5A83A2002628AD /* RouteMaster.swift in Sources */,
				559AF4291D905036000D2B0E /* LoggedIn.swift in Sources */,
				55399DE91DA5450500F2337A /* MarkerView.swift in Sources */,
				A90D6F991C947101002E7980 /* MapUtils.swift in Sources */,
				55F7CEF61D0700950051F338 /* MsgOverlay.swift in Sources */,
				55DC39B41D65AF45002E02EC /* NSDateExtension.swift in Sources */,
				55F72FC51D917C90002C9B4B /* FirebaseData.swift in Sources */,
				5574793B1D5B58F900EE8C64 /* GeocodeUtils.swift in Sources */,
				55EB15F91D9BFB1E0013528B /* GoogleData.swift in Sources */,
				557E19ED1DC0AE6800CFE07B /* ButtonExtension.swift in Sources */,
				551EFF941CC11F640065204D /* ImageUtils.swift in Sources */,
				55E1496E1CE1CD7B00B576BB /* motoRouteOptions.swift in Sources */,
				55D997001D92B8F200AB7DAB /* ExploreMotoRoutes.swift in Sources */,
				559160841D8C37CB006BEA7A /* Constants.swift in Sources */,
				55DA4FF61CF5DABB007C0151 /* CameraSliderCustom.swift in Sources */,
				559A5C4F1C57E0F500B5261F /* MRCellView.swift in Sources */,
				55C0DD341DBF96230005C578 /* ActionConfirm.swift in Sources */,
				55F7CEFB1D07093B0051F338 /* motoButtons.swift in Sources */,
				5546F02E1DCB9FDF00D13F1D /* SpinnerView.swift in Sources */,
				55DA72991D0030DD0095C52E /* MRCellViewImage.swift in Sources */,
				554EEB501D071DCB00307F47 /* AnimationEngine.swift in Sources */,
				55E2DE1C1DBA3DD1002C799C /* InfoTemplate.swift in Sources */,
				5522D1C91C5132B1005339BD /* motoRouteController.swift in Sources */,
				552D32A41DB926DD0050E62D /* HTMLStringExtension.swift in Sources */,
				5562BA551C73663900EF340D /* Utils.swift in Sources */,
				552240F11D6DE7EA00694E60 /* MotoChart.swift in Sources */,
				556B8A681CE4B9A4000EE047 /* CameraSlider.swift in Sources */,
				A90D6F9B1C9471E2002E7980 /* Globals.swift in Sources */,
				55E149711CE22DE000B576BB /* RouteSlider.swift in Sources */,
				553AB5021C50056400AC12A5 /* AppDelegate.swift in Sources */,
				5522D1C71C512FFC005339BD /* addRouteController.swift in Sources */,
				5506E0D91C650A230091364B /* ColorUtils.swift in Sources */,
				55DEC6261C99C20B000BA85F /* motoRouteCamera.swift in Sources */,
			);
			runOnlyForDeploymentPostprocessing = 0;
		};
/* End PBXSourcesBuildPhase section */

/* Begin PBXTargetDependency section */
		553156641D81BDC100A53E8F /* PBXTargetDependency */ = {
			isa = PBXTargetDependency;
			target = 553AB4FD1C50056400AC12A5 /* motoRoutes */;
			targetProxy = 553156631D81BDC100A53E8F /* PBXContainerItemProxy */;
		};
/* End PBXTargetDependency section */

/* Begin PBXVariantGroup section */
		553AB5051C50056400AC12A5 /* Main.storyboard */ = {
			isa = PBXVariantGroup;
			children = (
				553AB5061C50056400AC12A5 /* Base */,
				5530AFBC1D104E9800925A07 /* de */,
			);
			name = Main.storyboard;
			sourceTree = "<group>";
		};
		553AB50D1C50056400AC12A5 /* LaunchScreen.storyboard */ = {
			isa = PBXVariantGroup;
			children = (
				553AB50E1C50056400AC12A5 /* Base */,
				5530AFBD1D104E9800925A07 /* de */,
			);
			name = LaunchScreen.storyboard;
			sourceTree = "<group>";
		};
		55F0091B1D1148BA00FA2400 /* Localizable.strings */ = {
			isa = PBXVariantGroup;
			children = (
				55F0091D1D114B6300FA2400 /* en */,
				55F009211D114B9D00FA2400 /* Base */,
				55B323441D12F5FF00EA5C57 /* de */,
			);
			name = Localizable.strings;
			sourceTree = "<group>";
		};
/* End PBXVariantGroup section */

/* Begin XCBuildConfiguration section */
		553156651D81BDC100A53E8F /* Debug */ = {
			isa = XCBuildConfiguration;
			baseConfigurationReference = 21B824B9E3ECE57380DF2E65 /* Pods-motoRoutesTests.debug.xcconfig */;
			buildSettings = {
				BUNDLE_LOADER = "$(TEST_HOST)";
				CLANG_ANALYZER_NONNULL = YES;
				INFOPLIST_FILE = motoRoutesTests/Info.plist;
				IPHONEOS_DEPLOYMENT_TARGET = 9.3;
				LD_RUNPATH_SEARCH_PATHS = "$(inherited) @executable_path/Frameworks @loader_path/Frameworks";
				PRODUCT_BUNDLE_IDENTIFIER = com.ppoh71.ch.motoRoutesTests;
				PRODUCT_NAME = "$(TARGET_NAME)";
				SWIFT_OPTIMIZATION_LEVEL = "-Onone";
				SWIFT_VERSION = 3.0;
				TEST_HOST = "$(BUILT_PRODUCTS_DIR)/motoRoutes.app/motoRoutes";
			};
			name = Debug;
		};
		553156661D81BDC100A53E8F /* Release */ = {
			isa = XCBuildConfiguration;
			baseConfigurationReference = 74F91450E82751ECAFC45A7C /* Pods-motoRoutesTests.release.xcconfig */;
			buildSettings = {
				BUNDLE_LOADER = "$(TEST_HOST)";
				CLANG_ANALYZER_NONNULL = YES;
				INFOPLIST_FILE = motoRoutesTests/Info.plist;
				IPHONEOS_DEPLOYMENT_TARGET = 9.3;
				LD_RUNPATH_SEARCH_PATHS = "$(inherited) @executable_path/Frameworks @loader_path/Frameworks";
				PRODUCT_BUNDLE_IDENTIFIER = com.ppoh71.ch.motoRoutesTests;
				PRODUCT_NAME = "$(TARGET_NAME)";
				SWIFT_VERSION = 3.0;
				TEST_HOST = "$(BUILT_PRODUCTS_DIR)/motoRoutes.app/motoRoutes";
			};
			name = Release;
		};
		553AB5111C50056400AC12A5 /* Debug */ = {
			isa = XCBuildConfiguration;
			buildSettings = {
				ALWAYS_SEARCH_USER_PATHS = NO;
				CLANG_ANALYZER_LOCALIZABILITY_NONLOCALIZED = YES;
				CLANG_CXX_LANGUAGE_STANDARD = "gnu++0x";
				CLANG_CXX_LIBRARY = "libc++";
				CLANG_ENABLE_MODULES = YES;
				CLANG_ENABLE_OBJC_ARC = YES;
				CLANG_WARN_BOOL_CONVERSION = YES;
				CLANG_WARN_CONSTANT_CONVERSION = YES;
				CLANG_WARN_DIRECT_OBJC_ISA_USAGE = YES_ERROR;
				CLANG_WARN_EMPTY_BODY = YES;
				CLANG_WARN_ENUM_CONVERSION = YES;
				CLANG_WARN_INFINITE_RECURSION = YES;
				CLANG_WARN_INT_CONVERSION = YES;
				CLANG_WARN_OBJC_ROOT_CLASS = YES_ERROR;
				CLANG_WARN_SUSPICIOUS_MOVE = YES;
				CLANG_WARN_UNREACHABLE_CODE = YES;
				CLANG_WARN__DUPLICATE_METHOD_MATCH = YES;
				"CODE_SIGN_IDENTITY[sdk=iphoneos*]" = "iPhone Developer";
				COPY_PHASE_STRIP = NO;
				DEBUG_INFORMATION_FORMAT = dwarf;
				ENABLE_STRICT_OBJC_MSGSEND = YES;
				ENABLE_TESTABILITY = YES;
				GCC_C_LANGUAGE_STANDARD = gnu99;
				GCC_DYNAMIC_NO_PIC = NO;
				GCC_NO_COMMON_BLOCKS = YES;
				GCC_OPTIMIZATION_LEVEL = 0;
				GCC_PREPROCESSOR_DEFINITIONS = (
					"DEBUG=1",
					"$(inherited)",
				);
				GCC_WARN_64_TO_32_BIT_CONVERSION = YES;
				GCC_WARN_ABOUT_RETURN_TYPE = YES_ERROR;
				GCC_WARN_UNDECLARED_SELECTOR = YES;
				GCC_WARN_UNINITIALIZED_AUTOS = YES_AGGRESSIVE;
				GCC_WARN_UNUSED_FUNCTION = YES;
				GCC_WARN_UNUSED_VARIABLE = YES;
				IPHONEOS_DEPLOYMENT_TARGET = 9.2;
				MTL_ENABLE_DEBUG_INFO = YES;
				ONLY_ACTIVE_ARCH = YES;
				SDKROOT = iphoneos;
				SWIFT_OPTIMIZATION_LEVEL = "-Owholemodule";
			};
			name = Debug;
		};
		553AB5121C50056400AC12A5 /* Release */ = {
			isa = XCBuildConfiguration;
			buildSettings = {
				ALWAYS_SEARCH_USER_PATHS = NO;
				CLANG_ANALYZER_LOCALIZABILITY_NONLOCALIZED = YES;
				CLANG_CXX_LANGUAGE_STANDARD = "gnu++0x";
				CLANG_CXX_LIBRARY = "libc++";
				CLANG_ENABLE_MODULES = YES;
				CLANG_ENABLE_OBJC_ARC = YES;
				CLANG_WARN_BOOL_CONVERSION = YES;
				CLANG_WARN_CONSTANT_CONVERSION = YES;
				CLANG_WARN_DIRECT_OBJC_ISA_USAGE = YES_ERROR;
				CLANG_WARN_EMPTY_BODY = YES;
				CLANG_WARN_ENUM_CONVERSION = YES;
				CLANG_WARN_INFINITE_RECURSION = YES;
				CLANG_WARN_INT_CONVERSION = YES;
				CLANG_WARN_OBJC_ROOT_CLASS = YES_ERROR;
				CLANG_WARN_SUSPICIOUS_MOVE = YES;
				CLANG_WARN_UNREACHABLE_CODE = YES;
				CLANG_WARN__DUPLICATE_METHOD_MATCH = YES;
				"CODE_SIGN_IDENTITY[sdk=iphoneos*]" = "iPhone Developer";
				COPY_PHASE_STRIP = NO;
				DEBUG_INFORMATION_FORMAT = "dwarf-with-dsym";
				ENABLE_NS_ASSERTIONS = NO;
				ENABLE_STRICT_OBJC_MSGSEND = YES;
				GCC_C_LANGUAGE_STANDARD = gnu99;
				GCC_NO_COMMON_BLOCKS = YES;
				GCC_WARN_64_TO_32_BIT_CONVERSION = YES;
				GCC_WARN_ABOUT_RETURN_TYPE = YES_ERROR;
				GCC_WARN_UNDECLARED_SELECTOR = YES;
				GCC_WARN_UNINITIALIZED_AUTOS = YES_AGGRESSIVE;
				GCC_WARN_UNUSED_FUNCTION = YES;
				GCC_WARN_UNUSED_VARIABLE = YES;
				IPHONEOS_DEPLOYMENT_TARGET = 9.2;
				MTL_ENABLE_DEBUG_INFO = NO;
				SDKROOT = iphoneos;
				SWIFT_OPTIMIZATION_LEVEL = "-Owholemodule";
				VALIDATE_PRODUCT = YES;
			};
			name = Release;
		};
		553AB5141C50056400AC12A5 /* Debug */ = {
			isa = XCBuildConfiguration;
			baseConfigurationReference = 36A6F6F4A97883AD067FD437 /* Pods-motoRoutes.debug.xcconfig */;
			buildSettings = {
				ALWAYS_EMBED_SWIFT_STANDARD_LIBRARIES = YES;
				ASSETCATALOG_COMPILER_APPICON_NAME = AppIcon;
				CLANG_ENABLE_MODULES = YES;
				CODE_SIGN_ENTITLEMENTS = motoRoutes/motoRoutes.entitlements;
				CODE_SIGN_IDENTITY = "iPhone Developer";
				DEBUG_INFORMATION_FORMAT = "dwarf-with-dsym";
				FRAMEWORK_SEARCH_PATHS = (
					"$(inherited)",
					"$(PROJECT_DIR)",
				);
				INFOPLIST_FILE = motoRoutes/Info.plist;
				LD_RUNPATH_SEARCH_PATHS = "$(inherited) @executable_path/Frameworks";
				OTHER_CFLAGS = (
					"$(inherited)",
					"-iquote",
					"\"${PODS_ROOT}/Realm.framework/Headers\"",
					"-iquote",
					"\"${PODS_ROOT}/RealmSwift.framework/Headers\"",
					"-isystem",
					"\"${PODS_ROOT}/Headers/Public\"",
					"-isystem",
					"\"${PODS_ROOT}/Headers/Public/Crashlytics\"",
					"-isystem",
					"\"${PODS_ROOT}/Headers/Public/Fabric\"",
					"-isystem",
					"\"${PODS_ROOT}/Headers/Public/Mapbox-iOS-SDK\"",
				);
				PRODUCT_BUNDLE_IDENTIFIER = com.ppoh71.ch.motoRoutes;
				PRODUCT_NAME = "$(TARGET_NAME)";
				SWIFT_OBJC_BRIDGING_HEADER = "motoRoutes/motoRoutes-Bridging-Header.h";
				SWIFT_OPTIMIZATION_LEVEL = "-Onone";
				SWIFT_VERSION = 3.0;
			};
			name = Debug;
		};
		553AB5151C50056400AC12A5 /* Release */ = {
			isa = XCBuildConfiguration;
			baseConfigurationReference = 5D81C0C546C36DA4606FA426 /* Pods-motoRoutes.release.xcconfig */;
			buildSettings = {
				ALWAYS_EMBED_SWIFT_STANDARD_LIBRARIES = YES;
				ASSETCATALOG_COMPILER_APPICON_NAME = AppIcon;
				CLANG_ENABLE_MODULES = YES;
				CODE_SIGN_ENTITLEMENTS = motoRoutes/motoRoutes.entitlements;
				CODE_SIGN_IDENTITY = "iPhone Developer";
				FRAMEWORK_SEARCH_PATHS = (
					"$(inherited)",
					"$(PROJECT_DIR)",
				);
				INFOPLIST_FILE = motoRoutes/Info.plist;
				LD_RUNPATH_SEARCH_PATHS = "$(inherited) @executable_path/Frameworks";
				OTHER_CFLAGS = (
					"$(inherited)",
					"-iquote",
					"\"${PODS_ROOT}/Realm.framework/Headers\"",
					"-iquote",
					"\"${PODS_ROOT}/RealmSwift.framework/Headers\"",
					"-isystem",
					"\"${PODS_ROOT}/Headers/Public\"",
					"-isystem",
					"\"${PODS_ROOT}/Headers/Public/Crashlytics\"",
					"-isystem",
					"\"${PODS_ROOT}/Headers/Public/Fabric\"",
					"-isystem",
					"\"${PODS_ROOT}/Headers/Public/Mapbox-iOS-SDK\"",
				);
				PRODUCT_BUNDLE_IDENTIFIER = com.ppoh71.ch.motoRoutes;
				PRODUCT_NAME = "$(TARGET_NAME)";
				SWIFT_OBJC_BRIDGING_HEADER = "motoRoutes/motoRoutes-Bridging-Header.h";
				SWIFT_VERSION = 3.0;
			};
			name = Release;
		};
/* End XCBuildConfiguration section */

/* Begin XCConfigurationList section */
		553156671D81BDC100A53E8F /* Build configuration list for PBXNativeTarget "motoRoutesTests" */ = {
			isa = XCConfigurationList;
			buildConfigurations = (
				553156651D81BDC100A53E8F /* Debug */,
				553156661D81BDC100A53E8F /* Release */,
			);
			defaultConfigurationIsVisible = 0;
			defaultConfigurationName = Release;
		};
		553AB4F91C50056400AC12A5 /* Build configuration list for PBXProject "motoRoutes" */ = {
			isa = XCConfigurationList;
			buildConfigurations = (
				553AB5111C50056400AC12A5 /* Debug */,
				553AB5121C50056400AC12A5 /* Release */,
			);
			defaultConfigurationIsVisible = 0;
			defaultConfigurationName = Release;
		};
		553AB5131C50056400AC12A5 /* Build configuration list for PBXNativeTarget "motoRoutes" */ = {
			isa = XCConfigurationList;
			buildConfigurations = (
				553AB5141C50056400AC12A5 /* Debug */,
				553AB5151C50056400AC12A5 /* Release */,
			);
			defaultConfigurationIsVisible = 0;
			defaultConfigurationName = Release;
		};
/* End XCConfigurationList section */
	};
	rootObject = 553AB4F61C50056400AC12A5 /* Project object */;
}
